// !$*UTF8*$!
{
	archiveVersion = 1;
	classes = {
	};
	objectVersion = 56;
	objects = {

/* Begin PBXBuildFile section */
		F03AEA912BE465EC00B3EFC1 /* ImageRotatorViewController.swift in Sources */ = {isa = PBXBuildFile; fileRef = F03AEA902BE465EC00B3EFC1 /* ImageRotatorViewController.swift */; };
		F0416E742BE4443300586C25 /* AccelerometerViewController.swift in Sources */ = {isa = PBXBuildFile; fileRef = F0416E732BE4443300586C25 /* AccelerometerViewController.swift */; };
		F0416E762BE4479E00586C25 /* CameraViewController.swift in Sources */ = {isa = PBXBuildFile; fileRef = F0416E752BE4479E00586C25 /* CameraViewController.swift */; };
		F0416E782BE4485D00586C25 /* FileManager.swift in Sources */ = {isa = PBXBuildFile; fileRef = F0416E772BE4485D00586C25 /* FileManager.swift */; };
		F0416E7A2BE44C9900586C25 /* AudioRecordViewController.swift in Sources */ = {isa = PBXBuildFile; fileRef = F0416E792BE44C9900586C25 /* AudioRecordViewController.swift */; };
		F0D1B2D32BE420FE00862DDA /* AppDelegate.swift in Sources */ = {isa = PBXBuildFile; fileRef = F0D1B2D22BE420FE00862DDA /* AppDelegate.swift */; };
		F0D1B2D52BE420FE00862DDA /* SceneDelegate.swift in Sources */ = {isa = PBXBuildFile; fileRef = F0D1B2D42BE420FE00862DDA /* SceneDelegate.swift */; };
		F0D1B2D72BE420FE00862DDA /* SensorListViewController.swift in Sources */ = {isa = PBXBuildFile; fileRef = F0D1B2D62BE420FE00862DDA /* SensorListViewController.swift */; };
		F0D1B2DA2BE420FE00862DDA /* Main.storyboard in Resources */ = {isa = PBXBuildFile; fileRef = F0D1B2D82BE420FE00862DDA /* Main.storyboard */; };
		F0D1B2DC2BE4210000862DDA /* Assets.xcassets in Resources */ = {isa = PBXBuildFile; fileRef = F0D1B2DB2BE4210000862DDA /* Assets.xcassets */; };
		F0D1B2DF2BE4210000862DDA /* LaunchScreen.storyboard in Resources */ = {isa = PBXBuildFile; fileRef = F0D1B2DD2BE4210000862DDA /* LaunchScreen.storyboard */; };
/* End PBXBuildFile section */

/* Begin PBXFileReference section */
		F03AEA902BE465EC00B3EFC1 /* ImageRotatorViewController.swift */ = {isa = PBXFileReference; lastKnownFileType = sourcecode.swift; path = ImageRotatorViewController.swift; sourceTree = "<group>"; };
		F0416E732BE4443300586C25 /* AccelerometerViewController.swift */ = {isa = PBXFileReference; lastKnownFileType = sourcecode.swift; path = AccelerometerViewController.swift; sourceTree = "<group>"; };
		F0416E752BE4479E00586C25 /* CameraViewController.swift */ = {isa = PBXFileReference; lastKnownFileType = sourcecode.swift; path = CameraViewController.swift; sourceTree = "<group>"; };
		F0416E772BE4485D00586C25 /* FileManager.swift */ = {isa = PBXFileReference; lastKnownFileType = sourcecode.swift; path = FileManager.swift; sourceTree = "<group>"; };
		F0416E792BE44C9900586C25 /* AudioRecordViewController.swift */ = {isa = PBXFileReference; lastKnownFileType = sourcecode.swift; path = AudioRecordViewController.swift; sourceTree = "<group>"; };
		F0D1B2CF2BE420FE00862DDA /* Lesson5.app */ = {isa = PBXFileReference; explicitFileType = wrapper.application; includeInIndex = 0; path = Lesson5.app; sourceTree = BUILT_PRODUCTS_DIR; };
		F0D1B2D22BE420FE00862DDA /* AppDelegate.swift */ = {isa = PBXFileReference; lastKnownFileType = sourcecode.swift; path = AppDelegate.swift; sourceTree = "<group>"; };
		F0D1B2D42BE420FE00862DDA /* SceneDelegate.swift */ = {isa = PBXFileReference; lastKnownFileType = sourcecode.swift; path = SceneDelegate.swift; sourceTree = "<group>"; };
		F0D1B2D62BE420FE00862DDA /* SensorListViewController.swift */ = {isa = PBXFileReference; lastKnownFileType = sourcecode.swift; path = SensorListViewController.swift; sourceTree = "<group>"; };
		F0D1B2D92BE420FE00862DDA /* Base */ = {isa = PBXFileReference; lastKnownFileType = file.storyboard; name = Base; path = Base.lproj/Main.storyboard; sourceTree = "<group>"; };
		F0D1B2DB2BE4210000862DDA /* Assets.xcassets */ = {isa = PBXFileReference; lastKnownFileType = folder.assetcatalog; path = Assets.xcassets; sourceTree = "<group>"; };
		F0D1B2DE2BE4210000862DDA /* Base */ = {isa = PBXFileReference; lastKnownFileType = file.storyboard; name = Base; path = Base.lproj/LaunchScreen.storyboard; sourceTree = "<group>"; };
		F0D1B2E02BE4210000862DDA /* Info.plist */ = {isa = PBXFileReference; lastKnownFileType = text.plist.xml; path = Info.plist; sourceTree = "<group>"; };
/* End PBXFileReference section */

/* Begin PBXFrameworksBuildPhase section */
		F0D1B2CC2BE420FE00862DDA /* Frameworks */ = {
			isa = PBXFrameworksBuildPhase;
			buildActionMask = 2147483647;
			files = (
			);
			runOnlyForDeploymentPostprocessing = 0;
		};
/* End PBXFrameworksBuildPhase section */

/* Begin PBXGroup section */
		F0D1B2C62BE420FE00862DDA = {
			isa = PBXGroup;
			children = (
				F0D1B2D12BE420FE00862DDA /* Lesson5 */,
				F0D1B2D02BE420FE00862DDA /* Products */,
			);
			sourceTree = "<group>";
		};
		F0D1B2D02BE420FE00862DDA /* Products */ = {
			isa = PBXGroup;
			children = (
				F0D1B2CF2BE420FE00862DDA /* Lesson5.app */,
			);
			name = Products;
			sourceTree = "<group>";
		};
		F0D1B2D12BE420FE00862DDA /* Lesson5 */ = {
			isa = PBXGroup;
			children = (
				F0D1B2D22BE420FE00862DDA /* AppDelegate.swift */,
				F0D1B2D42BE420FE00862DDA /* SceneDelegate.swift */,
				F0D1B2D62BE420FE00862DDA /* SensorListViewController.swift */,
				F0D1B2D82BE420FE00862DDA /* Main.storyboard */,
				F0D1B2DB2BE4210000862DDA /* Assets.xcassets */,
				F0D1B2DD2BE4210000862DDA /* LaunchScreen.storyboard */,
				F0D1B2E02BE4210000862DDA /* Info.plist */,
				F0416E732BE4443300586C25 /* AccelerometerViewController.swift */,
				F0416E752BE4479E00586C25 /* CameraViewController.swift */,
				F0416E772BE4485D00586C25 /* FileManager.swift */,
				F0416E792BE44C9900586C25 /* AudioRecordViewController.swift */,
				F03AEA902BE465EC00B3EFC1 /* ImageRotatorViewController.swift */,
			);
			path = Lesson5;
			sourceTree = "<group>";
		};
/* End PBXGroup section */

/* Begin PBXNativeTarget section */
		F0D1B2CE2BE420FE00862DDA /* Lesson5 */ = {
			isa = PBXNativeTarget;
			buildConfigurationList = F0D1B2E32BE4210000862DDA /* Build configuration list for PBXNativeTarget "Lesson5" */;
			buildPhases = (
				F0D1B2CB2BE420FE00862DDA /* Sources */,
				F0D1B2CC2BE420FE00862DDA /* Frameworks */,
				F0D1B2CD2BE420FE00862DDA /* Resources */,
			);
			buildRules = (
			);
			dependencies = (
			);
			name = Lesson5;
			productName = Lesson5;
			productReference = F0D1B2CF2BE420FE00862DDA /* Lesson5.app */;
			productType = "com.apple.product-type.application";
		};
/* End PBXNativeTarget section */

/* Begin PBXProject section */
		F0D1B2C72BE420FE00862DDA /* Project object */ = {
			isa = PBXProject;
			attributes = {
				BuildIndependentTargetsInParallel = 1;
				LastSwiftUpdateCheck = 1510;
				LastUpgradeCheck = 1510;
				TargetAttributes = {
					F0D1B2CE2BE420FE00862DDA = {
						CreatedOnToolsVersion = 15.1;
					};
				};
			};
			buildConfigurationList = F0D1B2CA2BE420FE00862DDA /* Build configuration list for PBXProject "Lesson5" */;
			compatibilityVersion = "Xcode 14.0";
			developmentRegion = en;
			hasScannedForEncodings = 0;
			knownRegions = (
				en,
				Base,
			);
			mainGroup = F0D1B2C62BE420FE00862DDA;
			productRefGroup = F0D1B2D02BE420FE00862DDA /* Products */;
			projectDirPath = "";
			projectRoot = "";
			targets = (
				F0D1B2CE2BE420FE00862DDA /* Lesson5 */,
			);
		};
/* End PBXProject section */

/* Begin PBXResourcesBuildPhase section */
		F0D1B2CD2BE420FE00862DDA /* Resources */ = {
			isa = PBXResourcesBuildPhase;
			buildActionMask = 2147483647;
			files = (
				F0D1B2DF2BE4210000862DDA /* LaunchScreen.storyboard in Resources */,
				F0D1B2DC2BE4210000862DDA /* Assets.xcassets in Resources */,
				F0D1B2DA2BE420FE00862DDA /* Main.storyboard in Resources */,
			);
			runOnlyForDeploymentPostprocessing = 0;
		};
/* End PBXResourcesBuildPhase section */

/* Begin PBXSourcesBuildPhase section */
		F0D1B2CB2BE420FE00862DDA /* Sources */ = {
			isa = PBXSourcesBuildPhase;
			buildActionMask = 2147483647;
			files = (
				F03AEA912BE465EC00B3EFC1 /* ImageRotatorViewController.swift in Sources */,
				F0D1B2D72BE420FE00862DDA /* SensorListViewController.swift in Sources */,
				F0416E762BE4479E00586C25 /* CameraViewController.swift in Sources */,
				F0D1B2D32BE420FE00862DDA /* AppDelegate.swift in Sources */,
				F0416E782BE4485D00586C25 /* FileManager.swift in Sources */,
				F0416E7A2BE44C9900586C25 /* AudioRecordViewController.swift in Sources */,
				F0416E742BE4443300586C25 /* AccelerometerViewController.swift in Sources */,
				F0D1B2D52BE420FE00862DDA /* SceneDelegate.swift in Sources */,
			);
			runOnlyForDeploymentPostprocessing = 0;
		};
/* End PBXSourcesBuildPhase section */

/* Begin PBXVariantGroup section */
		F0D1B2D82BE420FE00862DDA /* Main.storyboard */ = {
			isa = PBXVariantGroup;
			children = (
				F0D1B2D92BE420FE00862DDA /* Base */,
			);
			name = Main.storyboard;
			sourceTree = "<group>";
		};
		F0D1B2DD2BE4210000862DDA /* LaunchScreen.storyboard */ = {
			isa = PBXVariantGroup;
			children = (
				F0D1B2DE2BE4210000862DDA /* Base */,
			);
			name = LaunchScreen.storyboard;
			sourceTree = "<group>";
		};
/* End PBXVariantGroup section */

/* Begin XCBuildConfiguration section */
		F0D1B2E12BE4210000862DDA /* Debug */ = {
			isa = XCBuildConfiguration;
			buildSettings = {
				ALWAYS_SEARCH_USER_PATHS = NO;
				ASSETCATALOG_COMPILER_GENERATE_SWIFT_ASSET_SYMBOL_EXTENSIONS = YES;
				CLANG_ANALYZER_NONNULL = YES;
				CLANG_ANALYZER_NUMBER_OBJECT_CONVERSION = YES_AGGRESSIVE;
				CLANG_CXX_LANGUAGE_STANDARD = "gnu++20";
				CLANG_ENABLE_MODULES = YES;
				CLANG_ENABLE_OBJC_ARC = YES;
				CLANG_ENABLE_OBJC_WEAK = YES;
				CLANG_WARN_BLOCK_CAPTURE_AUTORELEASING = YES;
				CLANG_WARN_BOOL_CONVERSION = YES;
				CLANG_WARN_COMMA = YES;
				CLANG_WARN_CONSTANT_CONVERSION = YES;
				CLANG_WARN_DEPRECATED_OBJC_IMPLEMENTATIONS = YES;
				CLANG_WARN_DIRECT_OBJC_ISA_USAGE = YES_ERROR;
				CLANG_WARN_DOCUMENTATION_COMMENTS = YES;
				CLANG_WARN_EMPTY_BODY = YES;
				CLANG_WARN_ENUM_CONVERSION = YES;
				CLANG_WARN_INFINITE_RECURSION = YES;
				CLANG_WARN_INT_CONVERSION = YES;
				CLANG_WARN_NON_LITERAL_NULL_CONVERSION = YES;
				CLANG_WARN_OBJC_IMPLICIT_RETAIN_SELF = YES;
				CLANG_WARN_OBJC_LITERAL_CONVERSION = YES;
				CLANG_WARN_OBJC_ROOT_CLASS = YES_ERROR;
				CLANG_WARN_QUOTED_INCLUDE_IN_FRAMEWORK_HEADER = YES;
				CLANG_WARN_RANGE_LOOP_ANALYSIS = YES;
				CLANG_WARN_STRICT_PROTOTYPES = YES;
				CLANG_WARN_SUSPICIOUS_MOVE = YES;
				CLANG_WARN_UNGUARDED_AVAILABILITY = YES_AGGRESSIVE;
				CLANG_WARN_UNREACHABLE_CODE = YES;
				CLANG_WARN__DUPLICATE_METHOD_MATCH = YES;
				COPY_PHASE_STRIP = NO;
				DEBUG_INFORMATION_FORMAT = dwarf;
				ENABLE_STRICT_OBJC_MSGSEND = YES;
				ENABLE_TESTABILITY = YES;
				ENABLE_USER_SCRIPT_SANDBOXING = YES;
				GCC_C_LANGUAGE_STANDARD = gnu17;
				GCC_DYNAMIC_NO_PIC = NO;
				GCC_NO_COMMON_BLOCKS = YES;
				GCC_OPTIMIZATION_LEVEL = 0;
				GCC_PREPROCESSOR_DEFINITIONS = (
					"DEBUG=1",
					"$(inherited)",
				);
				GCC_WARN_64_TO_32_BIT_CONVERSION = YES;
				GCC_WARN_ABOUT_RETURN_TYPE = YES_ERROR;
				GCC_WARN_UNDECLARED_SELECTOR = YES;
				GCC_WARN_UNINITIALIZED_AUTOS = YES_AGGRESSIVE;
				GCC_WARN_UNUSED_FUNCTION = YES;
				GCC_WARN_UNUSED_VARIABLE = YES;
				IPHONEOS_DEPLOYMENT_TARGET = 17.0;
				LOCALIZATION_PREFERS_STRING_CATALOGS = YES;
				MTL_ENABLE_DEBUG_INFO = INCLUDE_SOURCE;
				MTL_FAST_MATH = YES;
				ONLY_ACTIVE_ARCH = YES;
				SDKROOT = iphoneos;
				SWIFT_ACTIVE_COMPILATION_CONDITIONS = "DEBUG $(inherited)";
				SWIFT_OPTIMIZATION_LEVEL = "-Onone";
			};
			name = Debug;
		};
		F0D1B2E22BE4210000862DDA /* Release */ = {
			isa = XCBuildConfiguration;
			buildSettings = {
				ALWAYS_SEARCH_USER_PATHS = NO;
				ASSETCATALOG_COMPILER_GENERATE_SWIFT_ASSET_SYMBOL_EXTENSIONS = YES;
				CLANG_ANALYZER_NONNULL = YES;
				CLANG_ANALYZER_NUMBER_OBJECT_CONVERSION = YES_AGGRESSIVE;
				CLANG_CXX_LANGUAGE_STANDARD = "gnu++20";
				CLANG_ENABLE_MODULES = YES;
				CLANG_ENABLE_OBJC_ARC = YES;
				CLANG_ENABLE_OBJC_WEAK = YES;
				CLANG_WARN_BLOCK_CAPTURE_AUTORELEASING = YES;
				CLANG_WARN_BOOL_CONVERSION = YES;
				CLANG_WARN_COMMA = YES;
				CLANG_WARN_CONSTANT_CONVERSION = YES;
				CLANG_WARN_DEPRECATED_OBJC_IMPLEMENTATIONS = YES;
				CLANG_WARN_DIRECT_OBJC_ISA_USAGE = YES_ERROR;
				CLANG_WARN_DOCUMENTATION_COMMENTS = YES;
				CLANG_WARN_EMPTY_BODY = YES;
				CLANG_WARN_ENUM_CONVERSION = YES;
				CLANG_WARN_INFINITE_RECURSION = YES;
				CLANG_WARN_INT_CONVERSION = YES;
				CLANG_WARN_NON_LITERAL_NULL_CONVERSION = YES;
				CLANG_WARN_OBJC_IMPLICIT_RETAIN_SELF = YES;
				CLANG_WARN_OBJC_LITERAL_CONVERSION = YES;
				CLANG_WARN_OBJC_ROOT_CLASS = YES_ERROR;
				CLANG_WARN_QUOTED_INCLUDE_IN_FRAMEWORK_HEADER = YES;
				CLANG_WARN_RANGE_LOOP_ANALYSIS = YES;
				CLANG_WARN_STRICT_PROTOTYPES = YES;
				CLANG_WARN_SUSPICIOUS_MOVE = YES;
				CLANG_WARN_UNGUARDED_AVAILABILITY = YES_AGGRESSIVE;
				CLANG_WARN_UNREACHABLE_CODE = YES;
				CLANG_WARN__DUPLICATE_METHOD_MATCH = YES;
				COPY_PHASE_STRIP = NO;
				DEBUG_INFORMATION_FORMAT = "dwarf-with-dsym";
				ENABLE_NS_ASSERTIONS = NO;
				ENABLE_STRICT_OBJC_MSGSEND = YES;
				ENABLE_USER_SCRIPT_SANDBOXING = YES;
				GCC_C_LANGUAGE_STANDARD = gnu17;
				GCC_NO_COMMON_BLOCKS = YES;
				GCC_WARN_64_TO_32_BIT_CONVERSION = YES;
				GCC_WARN_ABOUT_RETURN_TYPE = YES_ERROR;
				GCC_WARN_UNDECLARED_SELECTOR = YES;
				GCC_WARN_UNINITIALIZED_AUTOS = YES_AGGRESSIVE;
				GCC_WARN_UNUSED_FUNCTION = YES;
				GCC_WARN_UNUSED_VARIABLE = YES;
				IPHONEOS_DEPLOYMENT_TARGET = 17.0;
				LOCALIZATION_PREFERS_STRING_CATALOGS = YES;
				MTL_ENABLE_DEBUG_INFO = NO;
				MTL_FAST_MATH = YES;
				SDKROOT = iphoneos;
				SWIFT_COMPILATION_MODE = wholemodule;
				VALIDATE_PRODUCT = YES;
			};
			name = Release;
		};
		F0D1B2E42BE4210000862DDA /* Debug */ = {
			isa = XCBuildConfiguration;
			buildSettings = {
				ASSETCATALOG_COMPILER_APPICON_NAME = AppIcon;
				ASSETCATALOG_COMPILER_GLOBAL_ACCENT_COLOR_NAME = AccentColor;
				CODE_SIGN_STYLE = Automatic;
				CURRENT_PROJECT_VERSION = 1;
				DEVELOPMENT_TEAM = H8V3Y2JKY7;
				GENERATE_INFOPLIST_FILE = YES;
				INFOPLIST_FILE = Lesson5/Info.plist;
				INFOPLIST_KEY_UIApplicationSupportsIndirectInputEvents = YES;
				INFOPLIST_KEY_UILaunchStoryboardName = LaunchScreen;
				INFOPLIST_KEY_UIMainStoryboardFile = Main;
				INFOPLIST_KEY_UISupportedInterfaceOrientations_iPad = "UIInterfaceOrientationPortrait UIInterfaceOrientationPortraitUpsideDown UIInterfaceOrientationLandscapeLeft UIInterfaceOrientationLandscapeRight";
				INFOPLIST_KEY_UISupportedInterfaceOrientations_iPhone = "UIInterfaceOrientationPortrait UIInterfaceOrientationLandscapeLeft UIInterfaceOrientationLandscapeRight";
				LD_RUNPATH_SEARCH_PATHS = (
					"$(inherited)",
					"@executable_path/Frameworks",
				);
				MARKETING_VERSION = 1.0;
				PRODUCT_BUNDLE_IDENTIFIER = ru.mirea.nikitina.Lesson5;
				PRODUCT_NAME = "$(TARGET_NAME)";
				SWIFT_EMIT_LOC_STRINGS = YES;
				SWIFT_VERSION = 5.0;
				TARGETED_DEVICE_FAMILY = "1,2";
			};
			name = Debug;
		};
		F0D1B2E52BE4210000862DDA /* Release */ = {
			isa = XCBuildConfiguration;
			buildSettings = {
				ASSETCATALOG_COMPILER_APPICON_NAME = AppIcon;
				ASSETCATALOG_COMPILER_GLOBAL_ACCENT_COLOR_NAME = AccentColor;
				CODE_SIGN_STYLE = Automatic;
				CURRENT_PROJECT_VERSION = 1;
				DEVELOPMENT_TEAM = H8V3Y2JKY7;
				GENERATE_INFOPLIST_FILE = YES;
				INFOPLIST_FILE = Lesson5/Info.plist;
				INFOPLIST_KEY_UIApplicationSupportsIndirectInputEvents = YES;
				INFOPLIST_KEY_UILaunchStoryboardName = LaunchScreen;
				INFOPLIST_KEY_UIMainStoryboardFile = Main;
				INFOPLIST_KEY_UISupportedInterfaceOrientations_iPad = "UIInterfaceOrientationPortrait UIInterfaceOrientationPortraitUpsideDown UIInterfaceOrientationLandscapeLeft UIInterfaceOrientationLandscapeRight";
				INFOPLIST_KEY_UISupportedInterfaceOrientations_iPhone = "UIInterfaceOrientationPortrait UIInterfaceOrientationLandscapeLeft UIInterfaceOrientationLandscapeRight";
				LD_RUNPATH_SEARCH_PATHS = (
					"$(inherited)",
					"@executable_path/Frameworks",
				);
				MARKETING_VERSION = 1.0;
				PRODUCT_BUNDLE_IDENTIFIER = ru.mirea.nikitina.Lesson5;
				PRODUCT_NAME = "$(TARGET_NAME)";
				SWIFT_EMIT_LOC_STRINGS = YES;
				SWIFT_VERSION = 5.0;
				TARGETED_DEVICE_FAMILY = "1,2";
			};
			name = Release;
		};
/* End XCBuildConfiguration section */

/* Begin XCConfigurationList section */
		F0D1B2CA2BE420FE00862DDA /* Build configuration list for PBXProject "Lesson5" */ = {
			isa = XCConfigurationList;
			buildConfigurations = (
				F0D1B2E12BE4210000862DDA /* Debug */,
				F0D1B2E22BE4210000862DDA /* Release */,
			);
			defaultConfigurationIsVisible = 0;
			defaultConfigurationName = Release;
		};
		F0D1B2E32BE4210000862DDA /* Build configuration list for PBXNativeTarget "Lesson5" */ = {
			isa = XCConfigurationList;
			buildConfigurations = (
				F0D1B2E42BE4210000862DDA /* Debug */,
				F0D1B2E52BE4210000862DDA /* Release */,
			);
			defaultConfigurationIsVisible = 0;
			defaultConfigurationName = Release;
		};
/* End XCConfigurationList section */
	};
	rootObject = F0D1B2C72BE420FE00862DDA /* Project object */;
}
