// !$*UTF8*$!
{
	archiveVersion = 1;
	classes = {
	};
	objectVersion = 56;
	objects = {

/* Begin PBXBuildFile section */
		103F04842BA6E67A003A37D4 /* AppDelegate.swift in Sources */ = {isa = PBXBuildFile; fileRef = 103F04832BA6E67A003A37D4 /* AppDelegate.swift */; };
		103F04862BA6E67A003A37D4 /* SceneDelegate.swift in Sources */ = {isa = PBXBuildFile; fileRef = 103F04852BA6E67A003A37D4 /* SceneDelegate.swift */; };
		103F04882BA6E67A003A37D4 /* FromViewController.swift in Sources */ = {isa = PBXBuildFile; fileRef = 103F04872BA6E67A003A37D4 /* FromViewController.swift */; };
		103F048B2BA6E67A003A37D4 /* Main.storyboard in Resources */ = {isa = PBXBuildFile; fileRef = 103F04892BA6E67A003A37D4 /* Main.storyboard */; };
		103F048D2BA6E67E003A37D4 /* Assets.xcassets in Resources */ = {isa = PBXBuildFile; fileRef = 103F048C2BA6E67E003A37D4 /* Assets.xcassets */; };
		103F04902BA6E67E003A37D4 /* LaunchScreen.storyboard in Resources */ = {isa = PBXBuildFile; fileRef = 103F048E2BA6E67E003A37D4 /* LaunchScreen.storyboard */; };
		103F04982BA6E6D3003A37D4 /* WebViewController.swift in Sources */ = {isa = PBXBuildFile; fileRef = 103F04972BA6E6D3003A37D4 /* WebViewController.swift */; };
		103F049A2BA6E71D003A37D4 /* DialogViewController.swift in Sources */ = {isa = PBXBuildFile; fileRef = 103F04992BA6E71D003A37D4 /* DialogViewController.swift */; };
		103F049C2BA6FCD0003A37D4 /* ToViewController.swift in Sources */ = {isa = PBXBuildFile; fileRef = 103F049B2BA6FCD0003A37D4 /* ToViewController.swift */; };
		107697552BB602CD007E6826 /* README.md in Resources */ = {isa = PBXBuildFile; fileRef = 107697542BB602CC007E6826 /* README.md */; };
/* End PBXBuildFile section */

/* Begin PBXFileReference section */
		103F04802BA6E67A003A37D4 /* SecondPractice.app */ = {isa = PBXFileReference; explicitFileType = wrapper.application; includeInIndex = 0; path = SecondPractice.app; sourceTree = BUILT_PRODUCTS_DIR; };
		103F04832BA6E67A003A37D4 /* AppDelegate.swift */ = {isa = PBXFileReference; lastKnownFileType = sourcecode.swift; path = AppDelegate.swift; sourceTree = "<group>"; };
		103F04852BA6E67A003A37D4 /* SceneDelegate.swift */ = {isa = PBXFileReference; lastKnownFileType = sourcecode.swift; path = SceneDelegate.swift; sourceTree = "<group>"; };
		103F04872BA6E67A003A37D4 /* FromViewController.swift */ = {isa = PBXFileReference; lastKnownFileType = sourcecode.swift; path = FromViewController.swift; sourceTree = "<group>"; };
		103F048A2BA6E67A003A37D4 /* Base */ = {isa = PBXFileReference; lastKnownFileType = file.storyboard; name = Base; path = Base.lproj/Main.storyboard; sourceTree = "<group>"; };
		103F048C2BA6E67E003A37D4 /* Assets.xcassets */ = {isa = PBXFileReference; lastKnownFileType = folder.assetcatalog; path = Assets.xcassets; sourceTree = "<group>"; };
		103F048F2BA6E67E003A37D4 /* Base */ = {isa = PBXFileReference; lastKnownFileType = file.storyboard; name = Base; path = Base.lproj/LaunchScreen.storyboard; sourceTree = "<group>"; };
		103F04912BA6E67E003A37D4 /* Info.plist */ = {isa = PBXFileReference; lastKnownFileType = text.plist.xml; path = Info.plist; sourceTree = "<group>"; };
		103F04972BA6E6D3003A37D4 /* WebViewController.swift */ = {isa = PBXFileReference; lastKnownFileType = sourcecode.swift; path = WebViewController.swift; sourceTree = "<group>"; };
		103F04992BA6E71D003A37D4 /* DialogViewController.swift */ = {isa = PBXFileReference; lastKnownFileType = sourcecode.swift; path = DialogViewController.swift; sourceTree = "<group>"; };
		103F049B2BA6FCD0003A37D4 /* ToViewController.swift */ = {isa = PBXFileReference; lastKnownFileType = sourcecode.swift; path = ToViewController.swift; sourceTree = "<group>"; };
		107697542BB602CC007E6826 /* README.md */ = {isa = PBXFileReference; lastKnownFileType = net.daringfireball.markdown; path = README.md; sourceTree = "<group>"; };
/* End PBXFileReference section */

/* Begin PBXFrameworksBuildPhase section */
		103F047D2BA6E67A003A37D4 /* Frameworks */ = {
			isa = PBXFrameworksBuildPhase;
			buildActionMask = 2147483647;
			files = (
			);
			runOnlyForDeploymentPostprocessing = 0;
		};
/* End PBXFrameworksBuildPhase section */

/* Begin PBXGroup section */
		103F04772BA6E67A003A37D4 = {
			isa = PBXGroup;
			children = (
				103F04822BA6E67A003A37D4 /* SecondPractice */,
				103F04812BA6E67A003A37D4 /* Products */,
			);
			sourceTree = "<group>";
		};
		103F04812BA6E67A003A37D4 /* Products */ = {
			isa = PBXGroup;
			children = (
				103F04802BA6E67A003A37D4 /* SecondPractice.app */,
			);
			name = Products;
			sourceTree = "<group>";
		};
		103F04822BA6E67A003A37D4 /* SecondPractice */ = {
			isa = PBXGroup;
			children = (
				103F04832BA6E67A003A37D4 /* AppDelegate.swift */,
				103F04852BA6E67A003A37D4 /* SceneDelegate.swift */,
				103F04872BA6E67A003A37D4 /* FromViewController.swift */,
				103F04892BA6E67A003A37D4 /* Main.storyboard */,
				103F048C2BA6E67E003A37D4 /* Assets.xcassets */,
				103F048E2BA6E67E003A37D4 /* LaunchScreen.storyboard */,
				103F04912BA6E67E003A37D4 /* Info.plist */,
				103F04972BA6E6D3003A37D4 /* WebViewController.swift */,
				103F04992BA6E71D003A37D4 /* DialogViewController.swift */,
				103F049B2BA6FCD0003A37D4 /* ToViewController.swift */,
				107697542BB602CC007E6826 /* README.md */,
			);
			path = SecondPractice;
			sourceTree = "<group>";
		};
/* End PBXGroup section */

/* Begin PBXNativeTarget section */
		103F047F2BA6E67A003A37D4 /* SecondPractice */ = {
			isa = PBXNativeTarget;
			buildConfigurationList = 103F04942BA6E67E003A37D4 /* Build configuration list for PBXNativeTarget "SecondPractice" */;
			buildPhases = (
				103F047C2BA6E67A003A37D4 /* Sources */,
				103F047D2BA6E67A003A37D4 /* Frameworks */,
				103F047E2BA6E67A003A37D4 /* Resources */,
			);
			buildRules = (
			);
			dependencies = (
			);
			name = SecondPractice;
			productName = SecondPractice;
			productReference = 103F04802BA6E67A003A37D4 /* SecondPractice.app */;
			productType = "com.apple.product-type.application";
		};
/* End PBXNativeTarget section */

/* Begin PBXProject section */
		103F04782BA6E67A003A37D4 /* Project object */ = {
			isa = PBXProject;
			attributes = {
				BuildIndependentTargetsInParallel = 1;
				LastSwiftUpdateCheck = 1500;
				LastUpgradeCheck = 1500;
				TargetAttributes = {
					103F047F2BA6E67A003A37D4 = {
						CreatedOnToolsVersion = 15.0;
					};
				};
			};
			buildConfigurationList = 103F047B2BA6E67A003A37D4 /* Build configuration list for PBXProject "SecondPractice" */;
			compatibilityVersion = "Xcode 14.0";
			developmentRegion = en;
			hasScannedForEncodings = 0;
			knownRegions = (
				en,
				Base,
			);
			mainGroup = 103F04772BA6E67A003A37D4;
			productRefGroup = 103F04812BA6E67A003A37D4 /* Products */;
			projectDirPath = "";
			projectRoot = "";
			targets = (
				103F047F2BA6E67A003A37D4 /* SecondPractice */,
			);
		};
/* End PBXProject section */

/* Begin PBXResourcesBuildPhase section */
		103F047E2BA6E67A003A37D4 /* Resources */ = {
			isa = PBXResourcesBuildPhase;
			buildActionMask = 2147483647;
			files = (
				103F04902BA6E67E003A37D4 /* LaunchScreen.storyboard in Resources */,
				103F048D2BA6E67E003A37D4 /* Assets.xcassets in Resources */,
				107697552BB602CD007E6826 /* README.md in Resources */,
				103F048B2BA6E67A003A37D4 /* Main.storyboard in Resources */,
			);
			runOnlyForDeploymentPostprocessing = 0;
		};
/* End PBXResourcesBuildPhase section */

/* Begin PBXSourcesBuildPhase section */
		103F047C2BA6E67A003A37D4 /* Sources */ = {
			isa = PBXSourcesBuildPhase;
			buildActionMask = 2147483647;
			files = (
				103F04882BA6E67A003A37D4 /* FromViewController.swift in Sources */,
				103F049C2BA6FCD0003A37D4 /* ToViewController.swift in Sources */,
				103F04842BA6E67A003A37D4 /* AppDelegate.swift in Sources */,
				103F049A2BA6E71D003A37D4 /* DialogViewController.swift in Sources */,
				103F04862BA6E67A003A37D4 /* SceneDelegate.swift in Sources */,
				103F04982BA6E6D3003A37D4 /* WebViewController.swift in Sources */,
			);
			runOnlyForDeploymentPostprocessing = 0;
		};
/* End PBXSourcesBuildPhase section */

/* Begin PBXVariantGroup section */
		103F04892BA6E67A003A37D4 /* Main.storyboard */ = {
			isa = PBXVariantGroup;
			children = (
				103F048A2BA6E67A003A37D4 /* Base */,
			);
			name = Main.storyboard;
			sourceTree = "<group>";
		};
		103F048E2BA6E67E003A37D4 /* LaunchScreen.storyboard */ = {
			isa = PBXVariantGroup;
			children = (
				103F048F2BA6E67E003A37D4 /* Base */,
			);
			name = LaunchScreen.storyboard;
			sourceTree = "<group>";
		};
/* End PBXVariantGroup section */

/* Begin XCBuildConfiguration section */
		103F04922BA6E67E003A37D4 /* Debug */ = {
			isa = XCBuildConfiguration;
			buildSettings = {
				ALWAYS_SEARCH_USER_PATHS = NO;
				ASSETCATALOG_COMPILER_GENERATE_SWIFT_ASSET_SYMBOL_EXTENSIONS = YES;
				CLANG_ANALYZER_NONNULL = YES;
				CLANG_ANALYZER_NUMBER_OBJECT_CONVERSION = YES_AGGRESSIVE;
				CLANG_CXX_LANGUAGE_STANDARD = "gnu++20";
				CLANG_ENABLE_MODULES = YES;
				CLANG_ENABLE_OBJC_ARC = YES;
				CLANG_ENABLE_OBJC_WEAK = YES;
				CLANG_WARN_BLOCK_CAPTURE_AUTORELEASING = YES;
				CLANG_WARN_BOOL_CONVERSION = YES;
				CLANG_WARN_COMMA = YES;
				CLANG_WARN_CONSTANT_CONVERSION = YES;
				CLANG_WARN_DEPRECATED_OBJC_IMPLEMENTATIONS = YES;
				CLANG_WARN_DIRECT_OBJC_ISA_USAGE = YES_ERROR;
				CLANG_WARN_DOCUMENTATION_COMMENTS = YES;
				CLANG_WARN_EMPTY_BODY = YES;
				CLANG_WARN_ENUM_CONVERSION = YES;
				CLANG_WARN_INFINITE_RECURSION = YES;
				CLANG_WARN_INT_CONVERSION = YES;
				CLANG_WARN_NON_LITERAL_NULL_CONVERSION = YES;
				CLANG_WARN_OBJC_IMPLICIT_RETAIN_SELF = YES;
				CLANG_WARN_OBJC_LITERAL_CONVERSION = YES;
				CLANG_WARN_OBJC_ROOT_CLASS = YES_ERROR;
				CLANG_WARN_QUOTED_INCLUDE_IN_FRAMEWORK_HEADER = YES;
				CLANG_WARN_RANGE_LOOP_ANALYSIS = YES;
				CLANG_WARN_STRICT_PROTOTYPES = YES;
				CLANG_WARN_SUSPICIOUS_MOVE = YES;
				CLANG_WARN_UNGUARDED_AVAILABILITY = YES_AGGRESSIVE;
				CLANG_WARN_UNREACHABLE_CODE = YES;
				CLANG_WARN__DUPLICATE_METHOD_MATCH = YES;
				COPY_PHASE_STRIP = NO;
				DEBUG_INFORMATION_FORMAT = dwarf;
				ENABLE_STRICT_OBJC_MSGSEND = YES;
				ENABLE_TESTABILITY = YES;
				ENABLE_USER_SCRIPT_SANDBOXING = YES;
				GCC_C_LANGUAGE_STANDARD = gnu17;
				GCC_DYNAMIC_NO_PIC = NO;
				GCC_NO_COMMON_BLOCKS = YES;
				GCC_OPTIMIZATION_LEVEL = 0;
				GCC_PREPROCESSOR_DEFINITIONS = (
					"DEBUG=1",
					"$(inherited)",
				);
				GCC_WARN_64_TO_32_BIT_CONVERSION = YES;
				GCC_WARN_ABOUT_RETURN_TYPE = YES_ERROR;
				GCC_WARN_UNDECLARED_SELECTOR = YES;
				GCC_WARN_UNINITIALIZED_AUTOS = YES_AGGRESSIVE;
				GCC_WARN_UNUSED_FUNCTION = YES;
				GCC_WARN_UNUSED_VARIABLE = YES;
				IPHONEOS_DEPLOYMENT_TARGET = 17.0;
				LOCALIZATION_PREFERS_STRING_CATALOGS = YES;
				MTL_ENABLE_DEBUG_INFO = INCLUDE_SOURCE;
				MTL_FAST_MATH = YES;
				ONLY_ACTIVE_ARCH = YES;
				SDKROOT = iphoneos;
				SWIFT_ACTIVE_COMPILATION_CONDITIONS = "DEBUG $(inherited)";
				SWIFT_OPTIMIZATION_LEVEL = "-Onone";
			};
			name = Debug;
		};
		103F04932BA6E67E003A37D4 /* Release */ = {
			isa = XCBuildConfiguration;
			buildSettings = {
				ALWAYS_SEARCH_USER_PATHS = NO;
				ASSETCATALOG_COMPILER_GENERATE_SWIFT_ASSET_SYMBOL_EXTENSIONS = YES;
				CLANG_ANALYZER_NONNULL = YES;
				CLANG_ANALYZER_NUMBER_OBJECT_CONVERSION = YES_AGGRESSIVE;
				CLANG_CXX_LANGUAGE_STANDARD = "gnu++20";
				CLANG_ENABLE_MODULES = YES;
				CLANG_ENABLE_OBJC_ARC = YES;
				CLANG_ENABLE_OBJC_WEAK = YES;
				CLANG_WARN_BLOCK_CAPTURE_AUTORELEASING = YES;
				CLANG_WARN_BOOL_CONVERSION = YES;
				CLANG_WARN_COMMA = YES;
				CLANG_WARN_CONSTANT_CONVERSION = YES;
				CLANG_WARN_DEPRECATED_OBJC_IMPLEMENTATIONS = YES;
				CLANG_WARN_DIRECT_OBJC_ISA_USAGE = YES_ERROR;
				CLANG_WARN_DOCUMENTATION_COMMENTS = YES;
				CLANG_WARN_EMPTY_BODY = YES;
				CLANG_WARN_ENUM_CONVERSION = YES;
				CLANG_WARN_INFINITE_RECURSION = YES;
				CLANG_WARN_INT_CONVERSION = YES;
				CLANG_WARN_NON_LITERAL_NULL_CONVERSION = YES;
				CLANG_WARN_OBJC_IMPLICIT_RETAIN_SELF = YES;
				CLANG_WARN_OBJC_LITERAL_CONVERSION = YES;
				CLANG_WARN_OBJC_ROOT_CLASS = YES_ERROR;
				CLANG_WARN_QUOTED_INCLUDE_IN_FRAMEWORK_HEADER = YES;
				CLANG_WARN_RANGE_LOOP_ANALYSIS = YES;
				CLANG_WARN_STRICT_PROTOTYPES = YES;
				CLANG_WARN_SUSPICIOUS_MOVE = YES;
				CLANG_WARN_UNGUARDED_AVAILABILITY = YES_AGGRESSIVE;
				CLANG_WARN_UNREACHABLE_CODE = YES;
				CLANG_WARN__DUPLICATE_METHOD_MATCH = YES;
				COPY_PHASE_STRIP = NO;
				DEBUG_INFORMATION_FORMAT = "dwarf-with-dsym";
				ENABLE_NS_ASSERTIONS = NO;
				ENABLE_STRICT_OBJC_MSGSEND = YES;
				ENABLE_USER_SCRIPT_SANDBOXING = YES;
				GCC_C_LANGUAGE_STANDARD = gnu17;
				GCC_NO_COMMON_BLOCKS = YES;
				GCC_WARN_64_TO_32_BIT_CONVERSION = YES;
				GCC_WARN_ABOUT_RETURN_TYPE = YES_ERROR;
				GCC_WARN_UNDECLARED_SELECTOR = YES;
				GCC_WARN_UNINITIALIZED_AUTOS = YES_AGGRESSIVE;
				GCC_WARN_UNUSED_FUNCTION = YES;
				GCC_WARN_UNUSED_VARIABLE = YES;
				IPHONEOS_DEPLOYMENT_TARGET = 17.0;
				LOCALIZATION_PREFERS_STRING_CATALOGS = YES;
				MTL_ENABLE_DEBUG_INFO = NO;
				MTL_FAST_MATH = YES;
				SDKROOT = iphoneos;
				SWIFT_COMPILATION_MODE = wholemodule;
				VALIDATE_PRODUCT = YES;
			};
			name = Release;
		};
		103F04952BA6E67E003A37D4 /* Debug */ = {
			isa = XCBuildConfiguration;
			buildSettings = {
				ASSETCATALOG_COMPILER_APPICON_NAME = AppIcon;
				ASSETCATALOG_COMPILER_GLOBAL_ACCENT_COLOR_NAME = AccentColor;
				CODE_SIGN_STYLE = Automatic;
				CURRENT_PROJECT_VERSION = 1;
				GENERATE_INFOPLIST_FILE = YES;
				INFOPLIST_FILE = SecondPractice/Info.plist;
				INFOPLIST_KEY_UIApplicationSupportsIndirectInputEvents = YES;
				INFOPLIST_KEY_UILaunchStoryboardName = LaunchScreen;
				INFOPLIST_KEY_UIMainStoryboardFile = Main;
				INFOPLIST_KEY_UISupportedInterfaceOrientations_iPad = "UIInterfaceOrientationPortrait UIInterfaceOrientationPortraitUpsideDown UIInterfaceOrientationLandscapeLeft UIInterfaceOrientationLandscapeRight";
				INFOPLIST_KEY_UISupportedInterfaceOrientations_iPhone = "UIInterfaceOrientationPortrait UIInterfaceOrientationLandscapeLeft UIInterfaceOrientationLandscapeRight";
				LD_RUNPATH_SEARCH_PATHS = (
					"$(inherited)",
					"@executable_path/Frameworks",
				);
				MARKETING_VERSION = 1.0;
				PRODUCT_BUNDLE_IDENTIFIER = ru.mirea.nikitina.Lesson2;
				PRODUCT_NAME = "$(TARGET_NAME)";
				SWIFT_EMIT_LOC_STRINGS = YES;
				SWIFT_VERSION = 5.0;
				TARGETED_DEVICE_FAMILY = "1,2";
			};
			name = Debug;
		};
		103F04962BA6E67E003A37D4 /* Release */ = {
			isa = XCBuildConfiguration;
			buildSettings = {
				ASSETCATALOG_COMPILER_APPICON_NAME = AppIcon;
				ASSETCATALOG_COMPILER_GLOBAL_ACCENT_COLOR_NAME = AccentColor;
				CODE_SIGN_STYLE = Automatic;
				CURRENT_PROJECT_VERSION = 1;
				GENERATE_INFOPLIST_FILE = YES;
				INFOPLIST_FILE = SecondPractice/Info.plist;
				INFOPLIST_KEY_UIApplicationSupportsIndirectInputEvents = YES;
				INFOPLIST_KEY_UILaunchStoryboardName = LaunchScreen;
				INFOPLIST_KEY_UIMainStoryboardFile = Main;
				INFOPLIST_KEY_UISupportedInterfaceOrientations_iPad = "UIInterfaceOrientationPortrait UIInterfaceOrientationPortraitUpsideDown UIInterfaceOrientationLandscapeLeft UIInterfaceOrientationLandscapeRight";
				INFOPLIST_KEY_UISupportedInterfaceOrientations_iPhone = "UIInterfaceOrientationPortrait UIInterfaceOrientationLandscapeLeft UIInterfaceOrientationLandscapeRight";
				LD_RUNPATH_SEARCH_PATHS = (
					"$(inherited)",
					"@executable_path/Frameworks",
				);
				MARKETING_VERSION = 1.0;
				PRODUCT_BUNDLE_IDENTIFIER = ru.mirea.nikitina.Lesson2;
				PRODUCT_NAME = "$(TARGET_NAME)";
				SWIFT_EMIT_LOC_STRINGS = YES;
				SWIFT_VERSION = 5.0;
				TARGETED_DEVICE_FAMILY = "1,2";
			};
			name = Release;
		};
/* End XCBuildConfiguration section */

/* Begin XCConfigurationList section */
		103F047B2BA6E67A003A37D4 /* Build configuration list for PBXProject "SecondPractice" */ = {
			isa = XCConfigurationList;
			buildConfigurations = (
				103F04922BA6E67E003A37D4 /* Debug */,
				103F04932BA6E67E003A37D4 /* Release */,
			);
			defaultConfigurationIsVisible = 0;
			defaultConfigurationName = Release;
		};
		103F04942BA6E67E003A37D4 /* Build configuration list for PBXNativeTarget "SecondPractice" */ = {
			isa = XCConfigurationList;
			buildConfigurations = (
				103F04952BA6E67E003A37D4 /* Debug */,
				103F04962BA6E67E003A37D4 /* Release */,
			);
			defaultConfigurationIsVisible = 0;
			defaultConfigurationName = Release;
		};
/* End XCConfigurationList section */
	};
	rootObject = 103F04782BA6E67A003A37D4 /* Project object */;
}
