// !$*UTF8*$!
{
	archiveVersion = 1;
	classes = {
	};
	objectVersion = 56;
	objects = {

/* Begin PBXBuildFile section */
		106F105F2BD1B38A00C7B376 /* README.md in Resources */ = {isa = PBXBuildFile; fileRef = 106F105E2BD1B38A00C7B376 /* README.md */; };
		F01BDC042BD17BBA0006C5E3 /* CryptoLoaderViewController.swift in Sources */ = {isa = PBXBuildFile; fileRef = F01BDC032BD17BBA0006C5E3 /* CryptoLoaderViewController.swift */; };
		F01BDC072BD194BA0006C5E3 /* WorkManagerViewController.swift in Sources */ = {isa = PBXBuildFile; fileRef = F01BDC062BD194BA0006C5E3 /* WorkManagerViewController.swift */; };
		F01BDC092BD195050006C5E3 /* UploadWorker.swift in Sources */ = {isa = PBXBuildFile; fileRef = F01BDC082BD195050006C5E3 /* UploadWorker.swift */; };
		F01BDC0E2BD1A67D0006C5E3 /* WorkerViewController.swift in Sources */ = {isa = PBXBuildFile; fileRef = F01BDC0D2BD1A67D0006C5E3 /* WorkerViewController.swift */; };
		F0377BCF2BCBD725004D4A75 /* PlayerService.swift in Sources */ = {isa = PBXBuildFile; fileRef = F0377BCE2BCBD725004D4A75 /* PlayerService.swift */; };
		F05E186F2BCAD00600A25824 /* ThreadsViewController.swift in Sources */ = {isa = PBXBuildFile; fileRef = F05E186E2BCAD00600A25824 /* ThreadsViewController.swift */; };
		F05E18712BCAD0D500A25824 /* ThreadsView.swift in Sources */ = {isa = PBXBuildFile; fileRef = F05E18702BCAD0D500A25824 /* ThreadsView.swift */; };
		F05E18742BCB293000A25824 /* DataThreadViewController.swift in Sources */ = {isa = PBXBuildFile; fileRef = F05E18732BCB293000A25824 /* DataThreadViewController.swift */; };
		F05E18792BCB2E2500A25824 /* LooperViewController.swift in Sources */ = {isa = PBXBuildFile; fileRef = F05E18782BCB2E2500A25824 /* LooperViewController.swift */; };
		F05E187B2BCB30A000A25824 /* MyLooper.swift in Sources */ = {isa = PBXBuildFile; fileRef = F05E187A2BCB30A000A25824 /* MyLooper.swift */; };
		F0CEEAFD2BB9FAA200858CC4 /* AppDelegate.swift in Sources */ = {isa = PBXBuildFile; fileRef = F0CEEAFC2BB9FAA200858CC4 /* AppDelegate.swift */; };
		F0CEEAFF2BB9FAA200858CC4 /* SceneDelegate.swift in Sources */ = {isa = PBXBuildFile; fileRef = F0CEEAFE2BB9FAA200858CC4 /* SceneDelegate.swift */; };
		F0CEEB012BB9FAA200858CC4 /* ViewController.swift in Sources */ = {isa = PBXBuildFile; fileRef = F0CEEB002BB9FAA200858CC4 /* ViewController.swift */; };
		F0CEEB042BB9FAA200858CC4 /* Main.storyboard in Resources */ = {isa = PBXBuildFile; fileRef = F0CEEB022BB9FAA200858CC4 /* Main.storyboard */; };
		F0CEEB062BB9FAA400858CC4 /* Assets.xcassets in Resources */ = {isa = PBXBuildFile; fileRef = F0CEEB052BB9FAA400858CC4 /* Assets.xcassets */; };
		F0CEEB092BB9FAA400858CC4 /* LaunchScreen.storyboard in Resources */ = {isa = PBXBuildFile; fileRef = F0CEEB072BB9FAA400858CC4 /* LaunchScreen.storyboard */; };
		F0CEEB122BB9FAB800858CC4 /* MusicPlayerViewController.swift in Sources */ = {isa = PBXBuildFile; fileRef = F0CEEB112BB9FAB800858CC4 /* MusicPlayerViewController.swift */; };
		F0CEEB142BB9FAE200858CC4 /* MusicPlayer.swift in Sources */ = {isa = PBXBuildFile; fileRef = F0CEEB132BB9FAE200858CC4 /* MusicPlayer.swift */; };
		F0CEEB162BB9FB0E00858CC4 /* piano.mp3 in Resources */ = {isa = PBXBuildFile; fileRef = F0CEEB152BB9FB0E00858CC4 /* piano.mp3 */; };
		F0CEEB182BB9FD8800858CC4 /* ButtonView.swift in Sources */ = {isa = PBXBuildFile; fileRef = F0CEEB172BB9FD8800858CC4 /* ButtonView.swift */; };
/* End PBXBuildFile section */

/* Begin PBXFileReference section */
		106F105E2BD1B38A00C7B376 /* README.md */ = {isa = PBXFileReference; lastKnownFileType = net.daringfireball.markdown; path = README.md; sourceTree = "<group>"; };
		F01BDC032BD17BBA0006C5E3 /* CryptoLoaderViewController.swift */ = {isa = PBXFileReference; lastKnownFileType = sourcecode.swift; path = CryptoLoaderViewController.swift; sourceTree = "<group>"; };
		F01BDC062BD194BA0006C5E3 /* WorkManagerViewController.swift */ = {isa = PBXFileReference; lastKnownFileType = sourcecode.swift; path = WorkManagerViewController.swift; sourceTree = "<group>"; };
		F01BDC082BD195050006C5E3 /* UploadWorker.swift */ = {isa = PBXFileReference; lastKnownFileType = sourcecode.swift; path = UploadWorker.swift; sourceTree = "<group>"; };
		F01BDC0D2BD1A67D0006C5E3 /* WorkerViewController.swift */ = {isa = PBXFileReference; lastKnownFileType = sourcecode.swift; path = WorkerViewController.swift; sourceTree = "<group>"; };
		F0377BCE2BCBD725004D4A75 /* PlayerService.swift */ = {isa = PBXFileReference; lastKnownFileType = sourcecode.swift; path = PlayerService.swift; sourceTree = "<group>"; };
		F05E186E2BCAD00600A25824 /* ThreadsViewController.swift */ = {isa = PBXFileReference; lastKnownFileType = sourcecode.swift; path = ThreadsViewController.swift; sourceTree = "<group>"; };
		F05E18702BCAD0D500A25824 /* ThreadsView.swift */ = {isa = PBXFileReference; lastKnownFileType = sourcecode.swift; path = ThreadsView.swift; sourceTree = "<group>"; };
		F05E18732BCB293000A25824 /* DataThreadViewController.swift */ = {isa = PBXFileReference; lastKnownFileType = sourcecode.swift; path = DataThreadViewController.swift; sourceTree = "<group>"; };
		F05E18782BCB2E2500A25824 /* LooperViewController.swift */ = {isa = PBXFileReference; lastKnownFileType = sourcecode.swift; path = LooperViewController.swift; sourceTree = "<group>"; };
		F05E187A2BCB30A000A25824 /* MyLooper.swift */ = {isa = PBXFileReference; lastKnownFileType = sourcecode.swift; path = MyLooper.swift; sourceTree = "<group>"; };
		F0CEEAF92BB9FAA200858CC4 /* Lesson4.app */ = {isa = PBXFileReference; explicitFileType = wrapper.application; includeInIndex = 0; path = Lesson4.app; sourceTree = BUILT_PRODUCTS_DIR; };
		F0CEEAFC2BB9FAA200858CC4 /* AppDelegate.swift */ = {isa = PBXFileReference; lastKnownFileType = sourcecode.swift; path = AppDelegate.swift; sourceTree = "<group>"; };
		F0CEEAFE2BB9FAA200858CC4 /* SceneDelegate.swift */ = {isa = PBXFileReference; lastKnownFileType = sourcecode.swift; path = SceneDelegate.swift; sourceTree = "<group>"; };
		F0CEEB002BB9FAA200858CC4 /* ViewController.swift */ = {isa = PBXFileReference; lastKnownFileType = sourcecode.swift; path = ViewController.swift; sourceTree = "<group>"; };
		F0CEEB032BB9FAA200858CC4 /* Base */ = {isa = PBXFileReference; lastKnownFileType = file.storyboard; name = Base; path = Base.lproj/Main.storyboard; sourceTree = "<group>"; };
		F0CEEB052BB9FAA400858CC4 /* Assets.xcassets */ = {isa = PBXFileReference; lastKnownFileType = folder.assetcatalog; path = Assets.xcassets; sourceTree = "<group>"; };
		F0CEEB082BB9FAA400858CC4 /* Base */ = {isa = PBXFileReference; lastKnownFileType = file.storyboard; name = Base; path = Base.lproj/LaunchScreen.storyboard; sourceTree = "<group>"; };
		F0CEEB0A2BB9FAA400858CC4 /* Info.plist */ = {isa = PBXFileReference; lastKnownFileType = text.plist.xml; path = Info.plist; sourceTree = "<group>"; };
		F0CEEB112BB9FAB800858CC4 /* MusicPlayerViewController.swift */ = {isa = PBXFileReference; lastKnownFileType = sourcecode.swift; path = MusicPlayerViewController.swift; sourceTree = "<group>"; };
		F0CEEB132BB9FAE200858CC4 /* MusicPlayer.swift */ = {isa = PBXFileReference; lastKnownFileType = sourcecode.swift; path = MusicPlayer.swift; sourceTree = "<group>"; };
		F0CEEB152BB9FB0E00858CC4 /* piano.mp3 */ = {isa = PBXFileReference; lastKnownFileType = audio.mp3; path = piano.mp3; sourceTree = "<group>"; };
		F0CEEB172BB9FD8800858CC4 /* ButtonView.swift */ = {isa = PBXFileReference; lastKnownFileType = sourcecode.swift; path = ButtonView.swift; sourceTree = "<group>"; };
/* End PBXFileReference section */

/* Begin PBXFrameworksBuildPhase section */
		F0CEEAF62BB9FAA200858CC4 /* Frameworks */ = {
			isa = PBXFrameworksBuildPhase;
			buildActionMask = 2147483647;
			files = (
			);
			runOnlyForDeploymentPostprocessing = 0;
		};
/* End PBXFrameworksBuildPhase section */

/* Begin PBXGroup section */
		F01BDC052BD17DF70006C5E3 /* WorkManager */ = {
			isa = PBXGroup;
			children = (
				F01BDC062BD194BA0006C5E3 /* WorkManagerViewController.swift */,
				F01BDC082BD195050006C5E3 /* UploadWorker.swift */,
			);
			path = WorkManager;
			sourceTree = "<group>";
		};
		F01BDC0C2BD1A6620006C5E3 /* Worker (Final) */ = {
			isa = PBXGroup;
			children = (
				F01BDC0D2BD1A67D0006C5E3 /* WorkerViewController.swift */,
			);
			path = "Worker (Final)";
			sourceTree = "<group>";
		};
		F05E186D2BCACF0900A25824 /* Threads */ = {
			isa = PBXGroup;
			children = (
				F05E186E2BCAD00600A25824 /* ThreadsViewController.swift */,
				F05E18702BCAD0D500A25824 /* ThreadsView.swift */,
			);
			path = Threads;
			sourceTree = "<group>";
		};
		F05E18722BCB291D00A25824 /* DataThread */ = {
			isa = PBXGroup;
			children = (
				F05E18732BCB293000A25824 /* DataThreadViewController.swift */,
			);
			path = DataThread;
			sourceTree = "<group>";
		};
		F05E18772BCB2DE900A25824 /* Looper */ = {
			isa = PBXGroup;
			children = (
				F05E18782BCB2E2500A25824 /* LooperViewController.swift */,
				F05E187A2BCB30A000A25824 /* MyLooper.swift */,
			);
			path = Looper;
			sourceTree = "<group>";
		};
		F05E187C2BCB39AC00A25824 /* CryptoLoader */ = {
			isa = PBXGroup;
			children = (
				F01BDC032BD17BBA0006C5E3 /* CryptoLoaderViewController.swift */,
			);
			path = CryptoLoader;
			sourceTree = "<group>";
		};
		F0CEEAF02BB9FAA200858CC4 = {
			isa = PBXGroup;
			children = (
				F0CEEAFB2BB9FAA200858CC4 /* Lesson4 */,
				F0CEEAFA2BB9FAA200858CC4 /* Products */,
			);
			sourceTree = "<group>";
		};
		F0CEEAFA2BB9FAA200858CC4 /* Products */ = {
			isa = PBXGroup;
			children = (
				F0CEEAF92BB9FAA200858CC4 /* Lesson4.app */,
			);
			name = Products;
			sourceTree = "<group>";
		};
		F0CEEAFB2BB9FAA200858CC4 /* Lesson4 */ = {
			isa = PBXGroup;
			children = (
				F01BDC0C2BD1A6620006C5E3 /* Worker (Final) */,
				F01BDC052BD17DF70006C5E3 /* WorkManager */,
				F05E187C2BCB39AC00A25824 /* CryptoLoader */,
				F05E18772BCB2DE900A25824 /* Looper */,
				F05E18722BCB291D00A25824 /* DataThread */,
				F05E186D2BCACF0900A25824 /* Threads */,
				F0CEEB102BB9FAAA00858CC4 /* MusicPlayer+ServiceApp */,
				F0CEEAFC2BB9FAA200858CC4 /* AppDelegate.swift */,
				F0CEEAFE2BB9FAA200858CC4 /* SceneDelegate.swift */,
				F0CEEB002BB9FAA200858CC4 /* ViewController.swift */,
				F0CEEB022BB9FAA200858CC4 /* Main.storyboard */,
				F0CEEB052BB9FAA400858CC4 /* Assets.xcassets */,
				F0CEEB072BB9FAA400858CC4 /* LaunchScreen.storyboard */,
				F0CEEB0A2BB9FAA400858CC4 /* Info.plist */,
				106F105E2BD1B38A00C7B376 /* README.md */,
			);
			path = Lesson4;
			sourceTree = "<group>";
		};
		F0CEEB102BB9FAAA00858CC4 /* MusicPlayer+ServiceApp */ = {
			isa = PBXGroup;
			children = (
				F0CEEB152BB9FB0E00858CC4 /* piano.mp3 */,
				F0CEEB112BB9FAB800858CC4 /* MusicPlayerViewController.swift */,
				F0CEEB132BB9FAE200858CC4 /* MusicPlayer.swift */,
				F0CEEB172BB9FD8800858CC4 /* ButtonView.swift */,
				F0377BCE2BCBD725004D4A75 /* PlayerService.swift */,
			);
			path = "MusicPlayer+ServiceApp";
			sourceTree = "<group>";
		};
/* End PBXGroup section */

/* Begin PBXNativeTarget section */
		F0CEEAF82BB9FAA200858CC4 /* Lesson4 */ = {
			isa = PBXNativeTarget;
			buildConfigurationList = F0CEEB0D2BB9FAA400858CC4 /* Build configuration list for PBXNativeTarget "Lesson4" */;
			buildPhases = (
				F0CEEAF52BB9FAA200858CC4 /* Sources */,
				F0CEEAF62BB9FAA200858CC4 /* Frameworks */,
				F0CEEAF72BB9FAA200858CC4 /* Resources */,
			);
			buildRules = (
			);
			dependencies = (
			);
			name = Lesson4;
			productName = Lesson4;
			productReference = F0CEEAF92BB9FAA200858CC4 /* Lesson4.app */;
			productType = "com.apple.product-type.application";
		};
/* End PBXNativeTarget section */

/* Begin PBXProject section */
		F0CEEAF12BB9FAA200858CC4 /* Project object */ = {
			isa = PBXProject;
			attributes = {
				BuildIndependentTargetsInParallel = 1;
				LastSwiftUpdateCheck = 1510;
				LastUpgradeCheck = 1510;
				TargetAttributes = {
					F0CEEAF82BB9FAA200858CC4 = {
						CreatedOnToolsVersion = 15.1;
					};
				};
			};
			buildConfigurationList = F0CEEAF42BB9FAA200858CC4 /* Build configuration list for PBXProject "Lesson4" */;
			compatibilityVersion = "Xcode 14.0";
			developmentRegion = en;
			hasScannedForEncodings = 0;
			knownRegions = (
				en,
				Base,
			);
			mainGroup = F0CEEAF02BB9FAA200858CC4;
			productRefGroup = F0CEEAFA2BB9FAA200858CC4 /* Products */;
			projectDirPath = "";
			projectRoot = "";
			targets = (
				F0CEEAF82BB9FAA200858CC4 /* Lesson4 */,
			);
		};
/* End PBXProject section */

/* Begin PBXResourcesBuildPhase section */
		F0CEEAF72BB9FAA200858CC4 /* Resources */ = {
			isa = PBXResourcesBuildPhase;
			buildActionMask = 2147483647;
			files = (
				F0CEEB092BB9FAA400858CC4 /* LaunchScreen.storyboard in Resources */,
				F0CEEB062BB9FAA400858CC4 /* Assets.xcassets in Resources */,
				106F105F2BD1B38A00C7B376 /* README.md in Resources */,
				F0CEEB162BB9FB0E00858CC4 /* piano.mp3 in Resources */,
				F0CEEB042BB9FAA200858CC4 /* Main.storyboard in Resources */,
			);
			runOnlyForDeploymentPostprocessing = 0;
		};
/* End PBXResourcesBuildPhase section */

/* Begin PBXSourcesBuildPhase section */
		F0CEEAF52BB9FAA200858CC4 /* Sources */ = {
			isa = PBXSourcesBuildPhase;
			buildActionMask = 2147483647;
			files = (
				F0377BCF2BCBD725004D4A75 /* PlayerService.swift in Sources */,
				F01BDC072BD194BA0006C5E3 /* WorkManagerViewController.swift in Sources */,
				F0CEEB012BB9FAA200858CC4 /* ViewController.swift in Sources */,
				F0CEEAFD2BB9FAA200858CC4 /* AppDelegate.swift in Sources */,
				F05E187B2BCB30A000A25824 /* MyLooper.swift in Sources */,
				F01BDC092BD195050006C5E3 /* UploadWorker.swift in Sources */,
				F01BDC042BD17BBA0006C5E3 /* CryptoLoaderViewController.swift in Sources */,
				F05E18712BCAD0D500A25824 /* ThreadsView.swift in Sources */,
				F05E18742BCB293000A25824 /* DataThreadViewController.swift in Sources */,
				F0CEEB182BB9FD8800858CC4 /* ButtonView.swift in Sources */,
				F05E18792BCB2E2500A25824 /* LooperViewController.swift in Sources */,
				F0CEEAFF2BB9FAA200858CC4 /* SceneDelegate.swift in Sources */,
				F0CEEB142BB9FAE200858CC4 /* MusicPlayer.swift in Sources */,
				F05E186F2BCAD00600A25824 /* ThreadsViewController.swift in Sources */,
				F01BDC0E2BD1A67D0006C5E3 /* WorkerViewController.swift in Sources */,
				F0CEEB122BB9FAB800858CC4 /* MusicPlayerViewController.swift in Sources */,
			);
			runOnlyForDeploymentPostprocessing = 0;
		};
/* End PBXSourcesBuildPhase section */

/* Begin PBXVariantGroup section */
		F0CEEB022BB9FAA200858CC4 /* Main.storyboard */ = {
			isa = PBXVariantGroup;
			children = (
				F0CEEB032BB9FAA200858CC4 /* Base */,
			);
			name = Main.storyboard;
			sourceTree = "<group>";
		};
		F0CEEB072BB9FAA400858CC4 /* LaunchScreen.storyboard */ = {
			isa = PBXVariantGroup;
			children = (
				F0CEEB082BB9FAA400858CC4 /* Base */,
			);
			name = LaunchScreen.storyboard;
			sourceTree = "<group>";
		};
/* End PBXVariantGroup section */

/* Begin XCBuildConfiguration section */
		F0CEEB0B2BB9FAA400858CC4 /* Debug */ = {
			isa = XCBuildConfiguration;
			buildSettings = {
				ALWAYS_SEARCH_USER_PATHS = NO;
				ASSETCATALOG_COMPILER_GENERATE_SWIFT_ASSET_SYMBOL_EXTENSIONS = YES;
				CLANG_ANALYZER_NONNULL = YES;
				CLANG_ANALYZER_NUMBER_OBJECT_CONVERSION = YES_AGGRESSIVE;
				CLANG_CXX_LANGUAGE_STANDARD = "gnu++20";
				CLANG_ENABLE_MODULES = YES;
				CLANG_ENABLE_OBJC_ARC = YES;
				CLANG_ENABLE_OBJC_WEAK = YES;
				CLANG_WARN_BLOCK_CAPTURE_AUTORELEASING = YES;
				CLANG_WARN_BOOL_CONVERSION = YES;
				CLANG_WARN_COMMA = YES;
				CLANG_WARN_CONSTANT_CONVERSION = YES;
				CLANG_WARN_DEPRECATED_OBJC_IMPLEMENTATIONS = YES;
				CLANG_WARN_DIRECT_OBJC_ISA_USAGE = YES_ERROR;
				CLANG_WARN_DOCUMENTATION_COMMENTS = YES;
				CLANG_WARN_EMPTY_BODY = YES;
				CLANG_WARN_ENUM_CONVERSION = YES;
				CLANG_WARN_INFINITE_RECURSION = YES;
				CLANG_WARN_INT_CONVERSION = YES;
				CLANG_WARN_NON_LITERAL_NULL_CONVERSION = YES;
				CLANG_WARN_OBJC_IMPLICIT_RETAIN_SELF = YES;
				CLANG_WARN_OBJC_LITERAL_CONVERSION = YES;
				CLANG_WARN_OBJC_ROOT_CLASS = YES_ERROR;
				CLANG_WARN_QUOTED_INCLUDE_IN_FRAMEWORK_HEADER = YES;
				CLANG_WARN_RANGE_LOOP_ANALYSIS = YES;
				CLANG_WARN_STRICT_PROTOTYPES = YES;
				CLANG_WARN_SUSPICIOUS_MOVE = YES;
				CLANG_WARN_UNGUARDED_AVAILABILITY = YES_AGGRESSIVE;
				CLANG_WARN_UNREACHABLE_CODE = YES;
				CLANG_WARN__DUPLICATE_METHOD_MATCH = YES;
				COPY_PHASE_STRIP = NO;
				DEBUG_INFORMATION_FORMAT = dwarf;
				ENABLE_STRICT_OBJC_MSGSEND = YES;
				ENABLE_TESTABILITY = YES;
				ENABLE_USER_SCRIPT_SANDBOXING = YES;
				GCC_C_LANGUAGE_STANDARD = gnu17;
				GCC_DYNAMIC_NO_PIC = NO;
				GCC_NO_COMMON_BLOCKS = YES;
				GCC_OPTIMIZATION_LEVEL = 0;
				GCC_PREPROCESSOR_DEFINITIONS = (
					"DEBUG=1",
					"$(inherited)",
				);
				GCC_WARN_64_TO_32_BIT_CONVERSION = YES;
				GCC_WARN_ABOUT_RETURN_TYPE = YES_ERROR;
				GCC_WARN_UNDECLARED_SELECTOR = YES;
				GCC_WARN_UNINITIALIZED_AUTOS = YES_AGGRESSIVE;
				GCC_WARN_UNUSED_FUNCTION = YES;
				GCC_WARN_UNUSED_VARIABLE = YES;
				IPHONEOS_DEPLOYMENT_TARGET = 15.5;
				LOCALIZATION_PREFERS_STRING_CATALOGS = YES;
				MTL_ENABLE_DEBUG_INFO = INCLUDE_SOURCE;
				MTL_FAST_MATH = YES;
				ONLY_ACTIVE_ARCH = YES;
				SDKROOT = iphoneos;
				SWIFT_ACTIVE_COMPILATION_CONDITIONS = "DEBUG $(inherited)";
				SWIFT_OPTIMIZATION_LEVEL = "-Onone";
			};
			name = Debug;
		};
		F0CEEB0C2BB9FAA400858CC4 /* Release */ = {
			isa = XCBuildConfiguration;
			buildSettings = {
				ALWAYS_SEARCH_USER_PATHS = NO;
				ASSETCATALOG_COMPILER_GENERATE_SWIFT_ASSET_SYMBOL_EXTENSIONS = YES;
				CLANG_ANALYZER_NONNULL = YES;
				CLANG_ANALYZER_NUMBER_OBJECT_CONVERSION = YES_AGGRESSIVE;
				CLANG_CXX_LANGUAGE_STANDARD = "gnu++20";
				CLANG_ENABLE_MODULES = YES;
				CLANG_ENABLE_OBJC_ARC = YES;
				CLANG_ENABLE_OBJC_WEAK = YES;
				CLANG_WARN_BLOCK_CAPTURE_AUTORELEASING = YES;
				CLANG_WARN_BOOL_CONVERSION = YES;
				CLANG_WARN_COMMA = YES;
				CLANG_WARN_CONSTANT_CONVERSION = YES;
				CLANG_WARN_DEPRECATED_OBJC_IMPLEMENTATIONS = YES;
				CLANG_WARN_DIRECT_OBJC_ISA_USAGE = YES_ERROR;
				CLANG_WARN_DOCUMENTATION_COMMENTS = YES;
				CLANG_WARN_EMPTY_BODY = YES;
				CLANG_WARN_ENUM_CONVERSION = YES;
				CLANG_WARN_INFINITE_RECURSION = YES;
				CLANG_WARN_INT_CONVERSION = YES;
				CLANG_WARN_NON_LITERAL_NULL_CONVERSION = YES;
				CLANG_WARN_OBJC_IMPLICIT_RETAIN_SELF = YES;
				CLANG_WARN_OBJC_LITERAL_CONVERSION = YES;
				CLANG_WARN_OBJC_ROOT_CLASS = YES_ERROR;
				CLANG_WARN_QUOTED_INCLUDE_IN_FRAMEWORK_HEADER = YES;
				CLANG_WARN_RANGE_LOOP_ANALYSIS = YES;
				CLANG_WARN_STRICT_PROTOTYPES = YES;
				CLANG_WARN_SUSPICIOUS_MOVE = YES;
				CLANG_WARN_UNGUARDED_AVAILABILITY = YES_AGGRESSIVE;
				CLANG_WARN_UNREACHABLE_CODE = YES;
				CLANG_WARN__DUPLICATE_METHOD_MATCH = YES;
				COPY_PHASE_STRIP = NO;
				DEBUG_INFORMATION_FORMAT = "dwarf-with-dsym";
				ENABLE_NS_ASSERTIONS = NO;
				ENABLE_STRICT_OBJC_MSGSEND = YES;
				ENABLE_USER_SCRIPT_SANDBOXING = YES;
				GCC_C_LANGUAGE_STANDARD = gnu17;
				GCC_NO_COMMON_BLOCKS = YES;
				GCC_WARN_64_TO_32_BIT_CONVERSION = YES;
				GCC_WARN_ABOUT_RETURN_TYPE = YES_ERROR;
				GCC_WARN_UNDECLARED_SELECTOR = YES;
				GCC_WARN_UNINITIALIZED_AUTOS = YES_AGGRESSIVE;
				GCC_WARN_UNUSED_FUNCTION = YES;
				GCC_WARN_UNUSED_VARIABLE = YES;
				IPHONEOS_DEPLOYMENT_TARGET = 15.5;
				LOCALIZATION_PREFERS_STRING_CATALOGS = YES;
				MTL_ENABLE_DEBUG_INFO = NO;
				MTL_FAST_MATH = YES;
				SDKROOT = iphoneos;
				SWIFT_COMPILATION_MODE = wholemodule;
				VALIDATE_PRODUCT = YES;
			};
			name = Release;
		};
		F0CEEB0E2BB9FAA400858CC4 /* Debug */ = {
			isa = XCBuildConfiguration;
			buildSettings = {
				ASSETCATALOG_COMPILER_APPICON_NAME = AppIcon;
				ASSETCATALOG_COMPILER_GLOBAL_ACCENT_COLOR_NAME = AccentColor;
				CODE_SIGN_STYLE = Automatic;
				CURRENT_PROJECT_VERSION = 1;
				GENERATE_INFOPLIST_FILE = YES;
				INFOPLIST_FILE = Lesson4/Info.plist;
				INFOPLIST_KEY_UIApplicationSupportsIndirectInputEvents = YES;
				INFOPLIST_KEY_UILaunchStoryboardName = LaunchScreen;
				INFOPLIST_KEY_UIMainStoryboardFile = Main;
				INFOPLIST_KEY_UISupportedInterfaceOrientations_iPad = "UIInterfaceOrientationPortrait UIInterfaceOrientationPortraitUpsideDown UIInterfaceOrientationLandscapeLeft UIInterfaceOrientationLandscapeRight";
				INFOPLIST_KEY_UISupportedInterfaceOrientations_iPhone = "UIInterfaceOrientationPortrait UIInterfaceOrientationLandscapeLeft UIInterfaceOrientationLandscapeRight";
				IPHONEOS_DEPLOYMENT_TARGET = 15.5;
				LD_RUNPATH_SEARCH_PATHS = (
					"$(inherited)",
					"@executable_path/Frameworks",
				);
				MARKETING_VERSION = 1.0;
				PRODUCT_BUNDLE_IDENTIFIER = ru.mirea.nikitina.Lesson4;
				PRODUCT_NAME = "$(TARGET_NAME)";
				SWIFT_EMIT_LOC_STRINGS = YES;
				SWIFT_VERSION = 5.0;
				TARGETED_DEVICE_FAMILY = "1,2";
			};
			name = Debug;
		};
		F0CEEB0F2BB9FAA400858CC4 /* Release */ = {
			isa = XCBuildConfiguration;
			buildSettings = {
				ASSETCATALOG_COMPILER_APPICON_NAME = AppIcon;
				ASSETCATALOG_COMPILER_GLOBAL_ACCENT_COLOR_NAME = AccentColor;
				CODE_SIGN_STYLE = Automatic;
				CURRENT_PROJECT_VERSION = 1;
				GENERATE_INFOPLIST_FILE = YES;
				INFOPLIST_FILE = Lesson4/Info.plist;
				INFOPLIST_KEY_UIApplicationSupportsIndirectInputEvents = YES;
				INFOPLIST_KEY_UILaunchStoryboardName = LaunchScreen;
				INFOPLIST_KEY_UIMainStoryboardFile = Main;
				INFOPLIST_KEY_UISupportedInterfaceOrientations_iPad = "UIInterfaceOrientationPortrait UIInterfaceOrientationPortraitUpsideDown UIInterfaceOrientationLandscapeLeft UIInterfaceOrientationLandscapeRight";
				INFOPLIST_KEY_UISupportedInterfaceOrientations_iPhone = "UIInterfaceOrientationPortrait UIInterfaceOrientationLandscapeLeft UIInterfaceOrientationLandscapeRight";
				IPHONEOS_DEPLOYMENT_TARGET = 15.5;
				LD_RUNPATH_SEARCH_PATHS = (
					"$(inherited)",
					"@executable_path/Frameworks",
				);
				MARKETING_VERSION = 1.0;
				PRODUCT_BUNDLE_IDENTIFIER = ru.mirea.nikitina.Lesson4;
				PRODUCT_NAME = "$(TARGET_NAME)";
				SWIFT_EMIT_LOC_STRINGS = YES;
				SWIFT_VERSION = 5.0;
				TARGETED_DEVICE_FAMILY = "1,2";
			};
			name = Release;
		};
/* End XCBuildConfiguration section */

/* Begin XCConfigurationList section */
		F0CEEAF42BB9FAA200858CC4 /* Build configuration list for PBXProject "Lesson4" */ = {
			isa = XCConfigurationList;
			buildConfigurations = (
				F0CEEB0B2BB9FAA400858CC4 /* Debug */,
				F0CEEB0C2BB9FAA400858CC4 /* Release */,
			);
			defaultConfigurationIsVisible = 0;
			defaultConfigurationName = Release;
		};
		F0CEEB0D2BB9FAA400858CC4 /* Build configuration list for PBXNativeTarget "Lesson4" */ = {
			isa = XCConfigurationList;
			buildConfigurations = (
				F0CEEB0E2BB9FAA400858CC4 /* Debug */,
				F0CEEB0F2BB9FAA400858CC4 /* Release */,
			);
			defaultConfigurationIsVisible = 0;
			defaultConfigurationName = Release;
		};
/* End XCConfigurationList section */
	};
	rootObject = F0CEEAF12BB9FAA200858CC4 /* Project object */;
}
