// !$*UTF8*$!
{
	archiveVersion = 1;
	classes = {
	};
	objectVersion = 60;
	objects = {

/* Begin PBXBuildFile section */
		10EDC3202CB0326F0077A8BC /* AppDelegate.swift in Sources */ = {isa = PBXBuildFile; fileRef = 10EDC31F2CB0326F0077A8BC /* AppDelegate.swift */; };
		10EDC3222CB0326F0077A8BC /* SceneDelegate.swift in Sources */ = {isa = PBXBuildFile; fileRef = 10EDC3212CB0326F0077A8BC /* SceneDelegate.swift */; };
		10EDC3272CB0326F0077A8BC /* Main.storyboard in Resources */ = {isa = PBXBuildFile; fileRef = 10EDC3252CB0326F0077A8BC /* Main.storyboard */; };
		10EDC3292CB032720077A8BC /* Assets.xcassets in Resources */ = {isa = PBXBuildFile; fileRef = 10EDC3282CB032720077A8BC /* Assets.xcassets */; };
		10EDC32C2CB032720077A8BC /* LaunchScreen.storyboard in Resources */ = {isa = PBXBuildFile; fileRef = 10EDC32A2CB032720077A8BC /* LaunchScreen.storyboard */; };
		F06D71BA2D31BA0900E0D7F6 /* ViewModel.swift in Sources */ = {isa = PBXBuildFile; fileRef = F06D71A62D31BA0900E0D7F6 /* ViewModel.swift */; };
		F06D71BC2D31BA0900E0D7F6 /* IngredientCollectionViewCell.swift in Sources */ = {isa = PBXBuildFile; fileRef = F06D71A82D31BA0900E0D7F6 /* IngredientCollectionViewCell.swift */; };
		F06D71BD2D31BA0900E0D7F6 /* IngredientDetailViewController.swift in Sources */ = {isa = PBXBuildFile; fileRef = F06D71A92D31BA0900E0D7F6 /* IngredientDetailViewController.swift */; };
		F06D71BE2D31BA0900E0D7F6 /* IngredientsViewController.swift in Sources */ = {isa = PBXBuildFile; fileRef = F06D71AA2D31BA0900E0D7F6 /* IngredientsViewController.swift */; };
		F06D71BF2D31BA0900E0D7F6 /* IngredientViewModel.swift in Sources */ = {isa = PBXBuildFile; fileRef = F06D71AB2D31BA0900E0D7F6 /* IngredientViewModel.swift */; };
		F06D71C02D31BA0900E0D7F6 /* LoginViewController.swift in Sources */ = {isa = PBXBuildFile; fileRef = F06D71AD2D31BA0900E0D7F6 /* LoginViewController.swift */; };
		F06D71C12D31BA0900E0D7F6 /* LoginViewModel.swift in Sources */ = {isa = PBXBuildFile; fileRef = F06D71AE2D31BA0900E0D7F6 /* LoginViewModel.swift */; };
		F06D71C22D31BA0900E0D7F6 /* RecipesViewController.swift in Sources */ = {isa = PBXBuildFile; fileRef = F06D71B02D31BA0900E0D7F6 /* RecipesViewController.swift */; };
		F06D71C32D31BA0900E0D7F6 /* RecipeViewModel.swift in Sources */ = {isa = PBXBuildFile; fileRef = F06D71B12D31BA0900E0D7F6 /* RecipeViewModel.swift */; };
		F06D71C42D31BA0900E0D7F6 /* ViewModelFactory.swift in Sources */ = {isa = PBXBuildFile; fileRef = F06D71B32D31BA0900E0D7F6 /* ViewModelFactory.swift */; };
		F06D71C72D31BA0900E0D7F6 /* ProfileViewController.swift in Sources */ = {isa = PBXBuildFile; fileRef = F06D71B62D31BA0900E0D7F6 /* ProfileViewController.swift */; };
		F06D71C82D31BA0900E0D7F6 /* ProfileViewModel.swift in Sources */ = {isa = PBXBuildFile; fileRef = F06D71B72D31BA0900E0D7F6 /* ProfileViewModel.swift */; };
		F0AEE8EC2CB7D993002E8072 /* data in Frameworks */ = {isa = PBXBuildFile; productRef = F0AEE8EB2CB7D993002E8072 /* data */; };
		F0AEE8EF2CB7D99E002E8072 /* domain in Frameworks */ = {isa = PBXBuildFile; productRef = F0AEE8EE2CB7D99E002E8072 /* domain */; };
		F0C1BF902CB805D700C7E287 /* FirebaseAnalytics in Frameworks */ = {isa = PBXBuildFile; productRef = F0C1BF8F2CB805D700C7E287 /* FirebaseAnalytics */; };
		F0C1BF922CB805D700C7E287 /* FirebaseAnalyticsOnDeviceConversion in Frameworks */ = {isa = PBXBuildFile; productRef = F0C1BF912CB805D700C7E287 /* FirebaseAnalyticsOnDeviceConversion */; };
		F0C1BF942CB805D700C7E287 /* FirebaseAnalyticsWithoutAdIdSupport in Frameworks */ = {isa = PBXBuildFile; productRef = F0C1BF932CB805D700C7E287 /* FirebaseAnalyticsWithoutAdIdSupport */; };
		F0C1BF962CB805D700C7E287 /* FirebaseAppCheck in Frameworks */ = {isa = PBXBuildFile; productRef = F0C1BF952CB805D700C7E287 /* FirebaseAppCheck */; };
		F0C1BF982CB805D700C7E287 /* FirebaseAppDistribution-Beta in Frameworks */ = {isa = PBXBuildFile; productRef = F0C1BF972CB805D700C7E287 /* FirebaseAppDistribution-Beta */; };
		F0C1BF9A2CB805D700C7E287 /* FirebaseFunctionsCombine-Community in Frameworks */ = {isa = PBXBuildFile; productRef = F0C1BF992CB805D700C7E287 /* FirebaseFunctionsCombine-Community */; };
		F0C1BF9C2CB805D700C7E287 /* FirebaseInAppMessaging-Beta in Frameworks */ = {isa = PBXBuildFile; productRef = F0C1BF9B2CB805D700C7E287 /* FirebaseInAppMessaging-Beta */; };
		F0C1BF9E2CB805D700C7E287 /* FirebaseInstallations in Frameworks */ = {isa = PBXBuildFile; productRef = F0C1BF9D2CB805D700C7E287 /* FirebaseInstallations */; };
		F0C1BFA02CB805D700C7E287 /* FirebaseMLModelDownloader in Frameworks */ = {isa = PBXBuildFile; productRef = F0C1BF9F2CB805D700C7E287 /* FirebaseMLModelDownloader */; };
		F0C1BFA22CB805D700C7E287 /* FirebaseMessaging in Frameworks */ = {isa = PBXBuildFile; productRef = F0C1BFA12CB805D700C7E287 /* FirebaseMessaging */; };
		F0C1BFA42CB805D700C7E287 /* FirebasePerformance in Frameworks */ = {isa = PBXBuildFile; productRef = F0C1BFA32CB805D700C7E287 /* FirebasePerformance */; };
		F0C1BFA62CB805D700C7E287 /* FirebaseRemoteConfig in Frameworks */ = {isa = PBXBuildFile; productRef = F0C1BFA52CB805D700C7E287 /* FirebaseRemoteConfig */; };
		F0C1BFA82CB805D700C7E287 /* FirebaseStorage in Frameworks */ = {isa = PBXBuildFile; productRef = F0C1BFA72CB805D700C7E287 /* FirebaseStorage */; };
		F0C1BFAA2CB805D700C7E287 /* FirebaseStorageCombine-Community in Frameworks */ = {isa = PBXBuildFile; productRef = F0C1BFA92CB805D700C7E287 /* FirebaseStorageCombine-Community */; };
		F0C1BFAC2CB805D700C7E287 /* FirebaseVertexAI-Preview in Frameworks */ = {isa = PBXBuildFile; productRef = F0C1BFAB2CB805D700C7E287 /* FirebaseVertexAI-Preview */; };
		F0C1BFAE2CB8061600C7E287 /* GoogleService-Info.plist in Resources */ = {isa = PBXBuildFile; fileRef = F0C1BFAD2CB8061600C7E287 /* GoogleService-Info.plist */; };
/* End PBXBuildFile section */

/* Begin PBXFileReference section */
		109E1E2B2CC3589200FBCB18 /* README.md */ = {isa = PBXFileReference; lastKnownFileType = net.daringfireball.markdown; path = README.md; sourceTree = "<group>"; };
		10EDC31C2CB0326F0077A8BC /* RecipeGenius.app */ = {isa = PBXFileReference; explicitFileType = wrapper.application; includeInIndex = 0; path = RecipeGenius.app; sourceTree = BUILT_PRODUCTS_DIR; };
		10EDC31F2CB0326F0077A8BC /* AppDelegate.swift */ = {isa = PBXFileReference; lastKnownFileType = sourcecode.swift; path = AppDelegate.swift; sourceTree = "<group>"; };
		10EDC3212CB0326F0077A8BC /* SceneDelegate.swift */ = {isa = PBXFileReference; lastKnownFileType = sourcecode.swift; path = SceneDelegate.swift; sourceTree = "<group>"; };
		10EDC3262CB0326F0077A8BC /* Base */ = {isa = PBXFileReference; lastKnownFileType = file.storyboard; name = Base; path = Base.lproj/Main.storyboard; sourceTree = "<group>"; };
		10EDC3282CB032720077A8BC /* Assets.xcassets */ = {isa = PBXFileReference; lastKnownFileType = folder.assetcatalog; path = Assets.xcassets; sourceTree = "<group>"; };
		10EDC32B2CB032720077A8BC /* Base */ = {isa = PBXFileReference; lastKnownFileType = file.storyboard; name = Base; path = Base.lproj/LaunchScreen.storyboard; sourceTree = "<group>"; };
		10EDC32D2CB032720077A8BC /* Info.plist */ = {isa = PBXFileReference; lastKnownFileType = text.plist.xml; path = Info.plist; sourceTree = "<group>"; };
		F0096BF62CB7D93800E83806 /* data */ = {isa = PBXFileReference; lastKnownFileType = wrapper; path = data; sourceTree = "<group>"; };
		F060C5792CB7D96A00626A1F /* domain */ = {isa = PBXFileReference; lastKnownFileType = wrapper; path = domain; sourceTree = "<group>"; };
		F06D71A62D31BA0900E0D7F6 /* ViewModel.swift */ = {isa = PBXFileReference; fileEncoding = 4; lastKnownFileType = sourcecode.swift; path = ViewModel.swift; sourceTree = "<group>"; };
		F06D71A82D31BA0900E0D7F6 /* IngredientCollectionViewCell.swift */ = {isa = PBXFileReference; fileEncoding = 4; lastKnownFileType = sourcecode.swift; path = IngredientCollectionViewCell.swift; sourceTree = "<group>"; };
		F06D71A92D31BA0900E0D7F6 /* IngredientDetailViewController.swift */ = {isa = PBXFileReference; fileEncoding = 4; lastKnownFileType = sourcecode.swift; path = IngredientDetailViewController.swift; sourceTree = "<group>"; };
		F06D71AA2D31BA0900E0D7F6 /* IngredientsViewController.swift */ = {isa = PBXFileReference; fileEncoding = 4; lastKnownFileType = sourcecode.swift; path = IngredientsViewController.swift; sourceTree = "<group>"; };
		F06D71AB2D31BA0900E0D7F6 /* IngredientViewModel.swift */ = {isa = PBXFileReference; fileEncoding = 4; lastKnownFileType = sourcecode.swift; path = IngredientViewModel.swift; sourceTree = "<group>"; };
		F06D71AD2D31BA0900E0D7F6 /* LoginViewController.swift */ = {isa = PBXFileReference; fileEncoding = 4; lastKnownFileType = sourcecode.swift; path = LoginViewController.swift; sourceTree = "<group>"; };
		F06D71AE2D31BA0900E0D7F6 /* LoginViewModel.swift */ = {isa = PBXFileReference; fileEncoding = 4; lastKnownFileType = sourcecode.swift; path = LoginViewModel.swift; sourceTree = "<group>"; };
		F06D71B02D31BA0900E0D7F6 /* RecipesViewController.swift */ = {isa = PBXFileReference; fileEncoding = 4; lastKnownFileType = sourcecode.swift; path = RecipesViewController.swift; sourceTree = "<group>"; };
		F06D71B12D31BA0900E0D7F6 /* RecipeViewModel.swift */ = {isa = PBXFileReference; fileEncoding = 4; lastKnownFileType = sourcecode.swift; path = RecipeViewModel.swift; sourceTree = "<group>"; };
		F06D71B32D31BA0900E0D7F6 /* ViewModelFactory.swift */ = {isa = PBXFileReference; fileEncoding = 4; lastKnownFileType = sourcecode.swift; path = ViewModelFactory.swift; sourceTree = "<group>"; };
		F06D71B62D31BA0900E0D7F6 /* ProfileViewController.swift */ = {isa = PBXFileReference; fileEncoding = 4; lastKnownFileType = sourcecode.swift; path = ProfileViewController.swift; sourceTree = "<group>"; };
		F06D71B72D31BA0900E0D7F6 /* ProfileViewModel.swift */ = {isa = PBXFileReference; fileEncoding = 4; lastKnownFileType = sourcecode.swift; path = ProfileViewModel.swift; sourceTree = "<group>"; };
		F0C1BFAD2CB8061600C7E287 /* GoogleService-Info.plist */ = {isa = PBXFileReference; fileEncoding = 4; lastKnownFileType = text.plist.xml; path = "GoogleService-Info.plist"; sourceTree = "<group>"; };
/* End PBXFileReference section */

/* Begin PBXFrameworksBuildPhase section */
		10EDC3192CB0326F0077A8BC /* Frameworks */ = {
			isa = PBXFrameworksBuildPhase;
			buildActionMask = 2147483647;
			files = (
				F0C1BFA22CB805D700C7E287 /* FirebaseMessaging in Frameworks */,
				F0C1BF982CB805D700C7E287 /* FirebaseAppDistribution-Beta in Frameworks */,
				F0AEE8EF2CB7D99E002E8072 /* domain in Frameworks */,
				F0C1BFA62CB805D700C7E287 /* FirebaseRemoteConfig in Frameworks */,
				F0C1BF9C2CB805D700C7E287 /* FirebaseInAppMessaging-Beta in Frameworks */,
				F0C1BF942CB805D700C7E287 /* FirebaseAnalyticsWithoutAdIdSupport in Frameworks */,
				F0C1BFAC2CB805D700C7E287 /* FirebaseVertexAI-Preview in Frameworks */,
				F0AEE8EC2CB7D993002E8072 /* data in Frameworks */,
				F0C1BF902CB805D700C7E287 /* FirebaseAnalytics in Frameworks */,
				F0C1BFA82CB805D700C7E287 /* FirebaseStorage in Frameworks */,
				F0C1BF962CB805D700C7E287 /* FirebaseAppCheck in Frameworks */,
				F0C1BFAA2CB805D700C7E287 /* FirebaseStorageCombine-Community in Frameworks */,
				F0C1BFA02CB805D700C7E287 /* FirebaseMLModelDownloader in Frameworks */,
				F0C1BF922CB805D700C7E287 /* FirebaseAnalyticsOnDeviceConversion in Frameworks */,
				F0C1BFA42CB805D700C7E287 /* FirebasePerformance in Frameworks */,
				F0C1BF9A2CB805D700C7E287 /* FirebaseFunctionsCombine-Community in Frameworks */,
				F0C1BF9E2CB805D700C7E287 /* FirebaseInstallations in Frameworks */,
			);
			runOnlyForDeploymentPostprocessing = 0;
		};
/* End PBXFrameworksBuildPhase section */

/* Begin PBXGroup section */
		10EDC3132CB0326F0077A8BC = {
			isa = PBXGroup;
			children = (
				10EDC31E2CB0326F0077A8BC /* RecipeGenius */,
				10EDC31D2CB0326F0077A8BC /* Products */,
			);
			sourceTree = "<group>";
		};
		10EDC31D2CB0326F0077A8BC /* Products */ = {
			isa = PBXGroup;
			children = (
				10EDC31C2CB0326F0077A8BC /* RecipeGenius.app */,
			);
			name = Products;
			sourceTree = "<group>";
		};
		10EDC31E2CB0326F0077A8BC /* RecipeGenius */ = {
			isa = PBXGroup;
			children = (
				F060C5792CB7D96A00626A1F /* domain */,
				F0096BF62CB7D93800E83806 /* data */,
				F0AEE8F02CB7D9A9002E8072 /* presentation */,
				10EDC31F2CB0326F0077A8BC /* AppDelegate.swift */,
				10EDC3212CB0326F0077A8BC /* SceneDelegate.swift */,
				10EDC3252CB0326F0077A8BC /* Main.storyboard */,
				10EDC3282CB032720077A8BC /* Assets.xcassets */,
				10EDC32A2CB032720077A8BC /* LaunchScreen.storyboard */,
				10EDC32D2CB032720077A8BC /* Info.plist */,
				F0C1BFAD2CB8061600C7E287 /* GoogleService-Info.plist */,
				109E1E2B2CC3589200FBCB18 /* README.md */,
			);
			path = RecipeGenius;
			sourceTree = "<group>";
		};
		F06D71AC2D31BA0900E0D7F6 /* Ingredients */ = {
			isa = PBXGroup;
			children = (
				F06D71A82D31BA0900E0D7F6 /* IngredientCollectionViewCell.swift */,
				F06D71A92D31BA0900E0D7F6 /* IngredientDetailViewController.swift */,
				F06D71AA2D31BA0900E0D7F6 /* IngredientsViewController.swift */,
				F06D71AB2D31BA0900E0D7F6 /* IngredientViewModel.swift */,
			);
			path = Ingredients;
			sourceTree = "<group>";
		};
		F06D71AF2D31BA0900E0D7F6 /* Login */ = {
			isa = PBXGroup;
			children = (
				F06D71AD2D31BA0900E0D7F6 /* LoginViewController.swift */,
				F06D71AE2D31BA0900E0D7F6 /* LoginViewModel.swift */,
			);
			path = Login;
			sourceTree = "<group>";
		};
		F06D71B22D31BA0900E0D7F6 /* Recipes */ = {
			isa = PBXGroup;
			children = (
				F06D71B02D31BA0900E0D7F6 /* RecipesViewController.swift */,
				F06D71B12D31BA0900E0D7F6 /* RecipeViewModel.swift */,
			);
			path = Recipes;
			sourceTree = "<group>";
		};
		F06D71B82D31BA0900E0D7F6 /* Profile */ = {
			isa = PBXGroup;
			children = (
				F06D71B62D31BA0900E0D7F6 /* ProfileViewController.swift */,
				F06D71B72D31BA0900E0D7F6 /* ProfileViewModel.swift */,
			);
			path = Profile;
			sourceTree = "<group>";
		};
		F0AEE8F02CB7D9A9002E8072 /* presentation */ = {
			isa = PBXGroup;
			children = (
				F06D71AC2D31BA0900E0D7F6 /* Ingredients */,
				F06D71AF2D31BA0900E0D7F6 /* Login */,
				F06D71B82D31BA0900E0D7F6 /* Profile */,
				F06D71B22D31BA0900E0D7F6 /* Recipes */,
				F06D71A62D31BA0900E0D7F6 /* ViewModel.swift */,
				F06D71B32D31BA0900E0D7F6 /* ViewModelFactory.swift */,
			);
			path = presentation;
			sourceTree = "<group>";
		};
/* End PBXGroup section */

/* Begin PBXNativeTarget section */
		10EDC31B2CB0326F0077A8BC /* RecipeGenius */ = {
			isa = PBXNativeTarget;
			buildConfigurationList = 10EDC3302CB032720077A8BC /* Build configuration list for PBXNativeTarget "RecipeGenius" */;
			buildPhases = (
				10EDC3182CB0326F0077A8BC /* Sources */,
				10EDC3192CB0326F0077A8BC /* Frameworks */,
				10EDC31A2CB0326F0077A8BC /* Resources */,
			);
			buildRules = (
			);
			dependencies = (
			);
			name = RecipeGenius;
			packageProductDependencies = (
				F0AEE8EB2CB7D993002E8072 /* data */,
				F0AEE8EE2CB7D99E002E8072 /* domain */,
				F0C1BF8F2CB805D700C7E287 /* FirebaseAnalytics */,
				F0C1BF912CB805D700C7E287 /* FirebaseAnalyticsOnDeviceConversion */,
				F0C1BF932CB805D700C7E287 /* FirebaseAnalyticsWithoutAdIdSupport */,
				F0C1BF952CB805D700C7E287 /* FirebaseAppCheck */,
				F0C1BF972CB805D700C7E287 /* FirebaseAppDistribution-Beta */,
				F0C1BF992CB805D700C7E287 /* FirebaseFunctionsCombine-Community */,
				F0C1BF9B2CB805D700C7E287 /* FirebaseInAppMessaging-Beta */,
				F0C1BF9D2CB805D700C7E287 /* FirebaseInstallations */,
				F0C1BF9F2CB805D700C7E287 /* FirebaseMLModelDownloader */,
				F0C1BFA12CB805D700C7E287 /* FirebaseMessaging */,
				F0C1BFA32CB805D700C7E287 /* FirebasePerformance */,
				F0C1BFA52CB805D700C7E287 /* FirebaseRemoteConfig */,
				F0C1BFA72CB805D700C7E287 /* FirebaseStorage */,
				F0C1BFA92CB805D700C7E287 /* FirebaseStorageCombine-Community */,
				F0C1BFAB2CB805D700C7E287 /* FirebaseVertexAI-Preview */,
			);
			productName = RecipeGenius;
			productReference = 10EDC31C2CB0326F0077A8BC /* RecipeGenius.app */;
			productType = "com.apple.product-type.application";
		};
/* End PBXNativeTarget section */

/* Begin PBXProject section */
		10EDC3142CB0326F0077A8BC /* Project object */ = {
			isa = PBXProject;
			attributes = {
				BuildIndependentTargetsInParallel = 1;
				LastSwiftUpdateCheck = 1500;
				LastUpgradeCheck = 1500;
				TargetAttributes = {
					10EDC31B2CB0326F0077A8BC = {
						CreatedOnToolsVersion = 15.0;
					};
				};
			};
			buildConfigurationList = 10EDC3172CB0326F0077A8BC /* Build configuration list for PBXProject "RecipeGenius" */;
			compatibilityVersion = "Xcode 14.0";
			developmentRegion = en;
			hasScannedForEncodings = 0;
			knownRegions = (
				en,
				Base,
			);
			mainGroup = 10EDC3132CB0326F0077A8BC;
			packageReferences = (
				F0AEE8EA2CB7D993002E8072 /* XCLocalSwiftPackageReference "RecipeGenius/data" */,
				F0AEE8ED2CB7D99E002E8072 /* XCLocalSwiftPackageReference "RecipeGenius/domain" */,
				F0C1BF8E2CB805D700C7E287 /* XCRemoteSwiftPackageReference "firebase-ios-sdk" */,
			);
			productRefGroup = 10EDC31D2CB0326F0077A8BC /* Products */;
			projectDirPath = "";
			projectRoot = "";
			targets = (
				10EDC31B2CB0326F0077A8BC /* RecipeGenius */,
			);
		};
/* End PBXProject section */

/* Begin PBXResourcesBuildPhase section */
		10EDC31A2CB0326F0077A8BC /* Resources */ = {
			isa = PBXResourcesBuildPhase;
			buildActionMask = 2147483647;
			files = (
				10EDC32C2CB032720077A8BC /* LaunchScreen.storyboard in Resources */,
				F0C1BFAE2CB8061600C7E287 /* GoogleService-Info.plist in Resources */,
				10EDC3292CB032720077A8BC /* Assets.xcassets in Resources */,
				10EDC3272CB0326F0077A8BC /* Main.storyboard in Resources */,
			);
			runOnlyForDeploymentPostprocessing = 0;
		};
/* End PBXResourcesBuildPhase section */

/* Begin PBXSourcesBuildPhase section */
		10EDC3182CB0326F0077A8BC /* Sources */ = {
			isa = PBXSourcesBuildPhase;
			buildActionMask = 2147483647;
			files = (
				F06D71BF2D31BA0900E0D7F6 /* IngredientViewModel.swift in Sources */,
				10EDC3202CB0326F0077A8BC /* AppDelegate.swift in Sources */,
				F06D71C12D31BA0900E0D7F6 /* LoginViewModel.swift in Sources */,
				F06D71C22D31BA0900E0D7F6 /* RecipesViewController.swift in Sources */,
				F06D71C72D31BA0900E0D7F6 /* ProfileViewController.swift in Sources */,
				10EDC3222CB0326F0077A8BC /* SceneDelegate.swift in Sources */,
				F06D71BC2D31BA0900E0D7F6 /* IngredientCollectionViewCell.swift in Sources */,
				F06D71BA2D31BA0900E0D7F6 /* ViewModel.swift in Sources */,
				F06D71BE2D31BA0900E0D7F6 /* IngredientsViewController.swift in Sources */,
				F06D71C82D31BA0900E0D7F6 /* ProfileViewModel.swift in Sources */,
				F06D71BD2D31BA0900E0D7F6 /* IngredientDetailViewController.swift in Sources */,
				F06D71C02D31BA0900E0D7F6 /* LoginViewController.swift in Sources */,
				F06D71C32D31BA0900E0D7F6 /* RecipeViewModel.swift in Sources */,
				F06D71C42D31BA0900E0D7F6 /* ViewModelFactory.swift in Sources */,
			);
			runOnlyForDeploymentPostprocessing = 0;
		};
/* End PBXSourcesBuildPhase section */

/* Begin PBXVariantGroup section */
		10EDC3252CB0326F0077A8BC /* Main.storyboard */ = {
			isa = PBXVariantGroup;
			children = (
				10EDC3262CB0326F0077A8BC /* Base */,
			);
			name = Main.storyboard;
			sourceTree = "<group>";
		};
		10EDC32A2CB032720077A8BC /* LaunchScreen.storyboard */ = {
			isa = PBXVariantGroup;
			children = (
				10EDC32B2CB032720077A8BC /* Base */,
			);
			name = LaunchScreen.storyboard;
			sourceTree = "<group>";
		};
/* End PBXVariantGroup section */

/* Begin XCBuildConfiguration section */
		10EDC32E2CB032720077A8BC /* Debug */ = {
			isa = XCBuildConfiguration;
			buildSettings = {
				ALWAYS_SEARCH_USER_PATHS = NO;
				ASSETCATALOG_COMPILER_GENERATE_SWIFT_ASSET_SYMBOL_EXTENSIONS = YES;
				CLANG_ANALYZER_NONNULL = YES;
				CLANG_ANALYZER_NUMBER_OBJECT_CONVERSION = YES_AGGRESSIVE;
				CLANG_CXX_LANGUAGE_STANDARD = "gnu++20";
				CLANG_ENABLE_MODULES = YES;
				CLANG_ENABLE_OBJC_ARC = YES;
				CLANG_ENABLE_OBJC_WEAK = YES;
				CLANG_WARN_BLOCK_CAPTURE_AUTORELEASING = YES;
				CLANG_WARN_BOOL_CONVERSION = YES;
				CLANG_WARN_COMMA = YES;
				CLANG_WARN_CONSTANT_CONVERSION = YES;
				CLANG_WARN_DEPRECATED_OBJC_IMPLEMENTATIONS = YES;
				CLANG_WARN_DIRECT_OBJC_ISA_USAGE = YES_ERROR;
				CLANG_WARN_DOCUMENTATION_COMMENTS = YES;
				CLANG_WARN_EMPTY_BODY = YES;
				CLANG_WARN_ENUM_CONVERSION = YES;
				CLANG_WARN_INFINITE_RECURSION = YES;
				CLANG_WARN_INT_CONVERSION = YES;
				CLANG_WARN_NON_LITERAL_NULL_CONVERSION = YES;
				CLANG_WARN_OBJC_IMPLICIT_RETAIN_SELF = YES;
				CLANG_WARN_OBJC_LITERAL_CONVERSION = YES;
				CLANG_WARN_OBJC_ROOT_CLASS = YES_ERROR;
				CLANG_WARN_QUOTED_INCLUDE_IN_FRAMEWORK_HEADER = YES;
				CLANG_WARN_RANGE_LOOP_ANALYSIS = YES;
				CLANG_WARN_STRICT_PROTOTYPES = YES;
				CLANG_WARN_SUSPICIOUS_MOVE = YES;
				CLANG_WARN_UNGUARDED_AVAILABILITY = YES_AGGRESSIVE;
				CLANG_WARN_UNREACHABLE_CODE = YES;
				CLANG_WARN__DUPLICATE_METHOD_MATCH = YES;
				COPY_PHASE_STRIP = NO;
				DEBUG_INFORMATION_FORMAT = dwarf;
				ENABLE_STRICT_OBJC_MSGSEND = YES;
				ENABLE_TESTABILITY = YES;
				ENABLE_USER_SCRIPT_SANDBOXING = YES;
				GCC_C_LANGUAGE_STANDARD = gnu17;
				GCC_DYNAMIC_NO_PIC = NO;
				GCC_NO_COMMON_BLOCKS = YES;
				GCC_OPTIMIZATION_LEVEL = 0;
				GCC_PREPROCESSOR_DEFINITIONS = (
					"DEBUG=1",
					"$(inherited)",
				);
				GCC_WARN_64_TO_32_BIT_CONVERSION = YES;
				GCC_WARN_ABOUT_RETURN_TYPE = YES_ERROR;
				GCC_WARN_UNDECLARED_SELECTOR = YES;
				GCC_WARN_UNINITIALIZED_AUTOS = YES_AGGRESSIVE;
				GCC_WARN_UNUSED_FUNCTION = YES;
				GCC_WARN_UNUSED_VARIABLE = YES;
				IPHONEOS_DEPLOYMENT_TARGET = 15.0;
				LOCALIZATION_PREFERS_STRING_CATALOGS = YES;
				MTL_ENABLE_DEBUG_INFO = INCLUDE_SOURCE;
				MTL_FAST_MATH = YES;
				ONLY_ACTIVE_ARCH = YES;
				SDKROOT = iphoneos;
				SWIFT_ACTIVE_COMPILATION_CONDITIONS = "DEBUG $(inherited)";
				SWIFT_OPTIMIZATION_LEVEL = "-Onone";
			};
			name = Debug;
		};
		10EDC32F2CB032720077A8BC /* Release */ = {
			isa = XCBuildConfiguration;
			buildSettings = {
				ALWAYS_SEARCH_USER_PATHS = NO;
				ASSETCATALOG_COMPILER_GENERATE_SWIFT_ASSET_SYMBOL_EXTENSIONS = YES;
				CLANG_ANALYZER_NONNULL = YES;
				CLANG_ANALYZER_NUMBER_OBJECT_CONVERSION = YES_AGGRESSIVE;
				CLANG_CXX_LANGUAGE_STANDARD = "gnu++20";
				CLANG_ENABLE_MODULES = YES;
				CLANG_ENABLE_OBJC_ARC = YES;
				CLANG_ENABLE_OBJC_WEAK = YES;
				CLANG_WARN_BLOCK_CAPTURE_AUTORELEASING = YES;
				CLANG_WARN_BOOL_CONVERSION = YES;
				CLANG_WARN_COMMA = YES;
				CLANG_WARN_CONSTANT_CONVERSION = YES;
				CLANG_WARN_DEPRECATED_OBJC_IMPLEMENTATIONS = YES;
				CLANG_WARN_DIRECT_OBJC_ISA_USAGE = YES_ERROR;
				CLANG_WARN_DOCUMENTATION_COMMENTS = YES;
				CLANG_WARN_EMPTY_BODY = YES;
				CLANG_WARN_ENUM_CONVERSION = YES;
				CLANG_WARN_INFINITE_RECURSION = YES;
				CLANG_WARN_INT_CONVERSION = YES;
				CLANG_WARN_NON_LITERAL_NULL_CONVERSION = YES;
				CLANG_WARN_OBJC_IMPLICIT_RETAIN_SELF = YES;
				CLANG_WARN_OBJC_LITERAL_CONVERSION = YES;
				CLANG_WARN_OBJC_ROOT_CLASS = YES_ERROR;
				CLANG_WARN_QUOTED_INCLUDE_IN_FRAMEWORK_HEADER = YES;
				CLANG_WARN_RANGE_LOOP_ANALYSIS = YES;
				CLANG_WARN_STRICT_PROTOTYPES = YES;
				CLANG_WARN_SUSPICIOUS_MOVE = YES;
				CLANG_WARN_UNGUARDED_AVAILABILITY = YES_AGGRESSIVE;
				CLANG_WARN_UNREACHABLE_CODE = YES;
				CLANG_WARN__DUPLICATE_METHOD_MATCH = YES;
				COPY_PHASE_STRIP = NO;
				DEBUG_INFORMATION_FORMAT = "dwarf-with-dsym";
				ENABLE_NS_ASSERTIONS = NO;
				ENABLE_STRICT_OBJC_MSGSEND = YES;
				ENABLE_USER_SCRIPT_SANDBOXING = YES;
				GCC_C_LANGUAGE_STANDARD = gnu17;
				GCC_NO_COMMON_BLOCKS = YES;
				GCC_WARN_64_TO_32_BIT_CONVERSION = YES;
				GCC_WARN_ABOUT_RETURN_TYPE = YES_ERROR;
				GCC_WARN_UNDECLARED_SELECTOR = YES;
				GCC_WARN_UNINITIALIZED_AUTOS = YES_AGGRESSIVE;
				GCC_WARN_UNUSED_FUNCTION = YES;
				GCC_WARN_UNUSED_VARIABLE = YES;
				IPHONEOS_DEPLOYMENT_TARGET = 15.0;
				LOCALIZATION_PREFERS_STRING_CATALOGS = YES;
				MTL_ENABLE_DEBUG_INFO = NO;
				MTL_FAST_MATH = YES;
				SDKROOT = iphoneos;
				SWIFT_COMPILATION_MODE = wholemodule;
				VALIDATE_PRODUCT = YES;
			};
			name = Release;
		};
		10EDC3312CB032720077A8BC /* Debug */ = {
			isa = XCBuildConfiguration;
			buildSettings = {
				ASSETCATALOG_COMPILER_APPICON_NAME = AppIcon;
				ASSETCATALOG_COMPILER_GLOBAL_ACCENT_COLOR_NAME = AccentColor;
				CODE_SIGN_STYLE = Automatic;
				CURRENT_PROJECT_VERSION = 1;
				GENERATE_INFOPLIST_FILE = YES;
				INFOPLIST_FILE = RecipeGenius/Info.plist;
				INFOPLIST_KEY_UIApplicationSupportsIndirectInputEvents = YES;
				INFOPLIST_KEY_UILaunchStoryboardName = LaunchScreen;
				INFOPLIST_KEY_UIMainStoryboardFile = Main;
				INFOPLIST_KEY_UISupportedInterfaceOrientations_iPad = "UIInterfaceOrientationPortrait UIInterfaceOrientationPortraitUpsideDown UIInterfaceOrientationLandscapeLeft UIInterfaceOrientationLandscapeRight";
				INFOPLIST_KEY_UISupportedInterfaceOrientations_iPhone = "UIInterfaceOrientationPortrait UIInterfaceOrientationLandscapeLeft UIInterfaceOrientationLandscapeRight";
				LD_RUNPATH_SEARCH_PATHS = (
					"$(inherited)",
					"@executable_path/Frameworks",
				);
				MARKETING_VERSION = 1.0;
				PRODUCT_BUNDLE_IDENTIFIER = ru.mirea.nikitina.RecipeGenius;
				PRODUCT_NAME = "$(TARGET_NAME)";
				SWIFT_EMIT_LOC_STRINGS = YES;
				SWIFT_VERSION = 5.0;
				TARGETED_DEVICE_FAMILY = "1,2";
			};
			name = Debug;
		};
		10EDC3322CB032720077A8BC /* Release */ = {
			isa = XCBuildConfiguration;
			buildSettings = {
				ASSETCATALOG_COMPILER_APPICON_NAME = AppIcon;
				ASSETCATALOG_COMPILER_GLOBAL_ACCENT_COLOR_NAME = AccentColor;
				CODE_SIGN_STYLE = Automatic;
				CURRENT_PROJECT_VERSION = 1;
				GENERATE_INFOPLIST_FILE = YES;
				INFOPLIST_FILE = RecipeGenius/Info.plist;
				INFOPLIST_KEY_UIApplicationSupportsIndirectInputEvents = YES;
				INFOPLIST_KEY_UILaunchStoryboardName = LaunchScreen;
				INFOPLIST_KEY_UIMainStoryboardFile = Main;
				INFOPLIST_KEY_UISupportedInterfaceOrientations_iPad = "UIInterfaceOrientationPortrait UIInterfaceOrientationPortraitUpsideDown UIInterfaceOrientationLandscapeLeft UIInterfaceOrientationLandscapeRight";
				INFOPLIST_KEY_UISupportedInterfaceOrientations_iPhone = "UIInterfaceOrientationPortrait UIInterfaceOrientationLandscapeLeft UIInterfaceOrientationLandscapeRight";
				LD_RUNPATH_SEARCH_PATHS = (
					"$(inherited)",
					"@executable_path/Frameworks",
				);
				MARKETING_VERSION = 1.0;
				PRODUCT_BUNDLE_IDENTIFIER = ru.mirea.nikitina.RecipeGenius;
				PRODUCT_NAME = "$(TARGET_NAME)";
				SWIFT_EMIT_LOC_STRINGS = YES;
				SWIFT_VERSION = 5.0;
				TARGETED_DEVICE_FAMILY = "1,2";
			};
			name = Release;
		};
/* End XCBuildConfiguration section */

/* Begin XCConfigurationList section */
		10EDC3172CB0326F0077A8BC /* Build configuration list for PBXProject "RecipeGenius" */ = {
			isa = XCConfigurationList;
			buildConfigurations = (
				10EDC32E2CB032720077A8BC /* Debug */,
				10EDC32F2CB032720077A8BC /* Release */,
			);
			defaultConfigurationIsVisible = 0;
			defaultConfigurationName = Release;
		};
		10EDC3302CB032720077A8BC /* Build configuration list for PBXNativeTarget "RecipeGenius" */ = {
			isa = XCConfigurationList;
			buildConfigurations = (
				10EDC3312CB032720077A8BC /* Debug */,
				10EDC3322CB032720077A8BC /* Release */,
			);
			defaultConfigurationIsVisible = 0;
			defaultConfigurationName = Release;
		};
/* End XCConfigurationList section */

/* Begin XCLocalSwiftPackageReference section */
		F0AEE8EA2CB7D993002E8072 /* XCLocalSwiftPackageReference "RecipeGenius/data" */ = {
			isa = XCLocalSwiftPackageReference;
			relativePath = RecipeGenius/data;
		};
		F0AEE8ED2CB7D99E002E8072 /* XCLocalSwiftPackageReference "RecipeGenius/domain" */ = {
			isa = XCLocalSwiftPackageReference;
			relativePath = RecipeGenius/domain;
		};
/* End XCLocalSwiftPackageReference section */

/* Begin XCRemoteSwiftPackageReference section */
		F0C1BF8E2CB805D700C7E287 /* XCRemoteSwiftPackageReference "firebase-ios-sdk" */ = {
			isa = XCRemoteSwiftPackageReference;
			repositoryURL = "https://github.com/firebase/firebase-ios-sdk.git";
			requirement = {
				kind = upToNextMajorVersion;
				minimumVersion = 11.3.0;
			};
		};
/* End XCRemoteSwiftPackageReference section */

/* Begin XCSwiftPackageProductDependency section */
		F0AEE8EB2CB7D993002E8072 /* data */ = {
			isa = XCSwiftPackageProductDependency;
			productName = data;
		};
		F0AEE8EE2CB7D99E002E8072 /* domain */ = {
			isa = XCSwiftPackageProductDependency;
			productName = domain;
		};
		F0C1BF8F2CB805D700C7E287 /* FirebaseAnalytics */ = {
			isa = XCSwiftPackageProductDependency;
			package = F0C1BF8E2CB805D700C7E287 /* XCRemoteSwiftPackageReference "firebase-ios-sdk" */;
			productName = FirebaseAnalytics;
		};
		F0C1BF912CB805D700C7E287 /* FirebaseAnalyticsOnDeviceConversion */ = {
			isa = XCSwiftPackageProductDependency;
			package = F0C1BF8E2CB805D700C7E287 /* XCRemoteSwiftPackageReference "firebase-ios-sdk" */;
			productName = FirebaseAnalyticsOnDeviceConversion;
		};
		F0C1BF932CB805D700C7E287 /* FirebaseAnalyticsWithoutAdIdSupport */ = {
			isa = XCSwiftPackageProductDependency;
			package = F0C1BF8E2CB805D700C7E287 /* XCRemoteSwiftPackageReference "firebase-ios-sdk" */;
			productName = FirebaseAnalyticsWithoutAdIdSupport;
		};
		F0C1BF952CB805D700C7E287 /* FirebaseAppCheck */ = {
			isa = XCSwiftPackageProductDependency;
			package = F0C1BF8E2CB805D700C7E287 /* XCRemoteSwiftPackageReference "firebase-ios-sdk" */;
			productName = FirebaseAppCheck;
		};
		F0C1BF972CB805D700C7E287 /* FirebaseAppDistribution-Beta */ = {
			isa = XCSwiftPackageProductDependency;
			package = F0C1BF8E2CB805D700C7E287 /* XCRemoteSwiftPackageReference "firebase-ios-sdk" */;
			productName = "FirebaseAppDistribution-Beta";
		};
		F0C1BF992CB805D700C7E287 /* FirebaseFunctionsCombine-Community */ = {
			isa = XCSwiftPackageProductDependency;
			package = F0C1BF8E2CB805D700C7E287 /* XCRemoteSwiftPackageReference "firebase-ios-sdk" */;
			productName = "FirebaseFunctionsCombine-Community";
		};
		F0C1BF9B2CB805D700C7E287 /* FirebaseInAppMessaging-Beta */ = {
			isa = XCSwiftPackageProductDependency;
			package = F0C1BF8E2CB805D700C7E287 /* XCRemoteSwiftPackageReference "firebase-ios-sdk" */;
			productName = "FirebaseInAppMessaging-Beta";
		};
		F0C1BF9D2CB805D700C7E287 /* FirebaseInstallations */ = {
			isa = XCSwiftPackageProductDependency;
			package = F0C1BF8E2CB805D700C7E287 /* XCRemoteSwiftPackageReference "firebase-ios-sdk" */;
			productName = FirebaseInstallations;
		};
		F0C1BF9F2CB805D700C7E287 /* FirebaseMLModelDownloader */ = {
			isa = XCSwiftPackageProductDependency;
			package = F0C1BF8E2CB805D700C7E287 /* XCRemoteSwiftPackageReference "firebase-ios-sdk" */;
			productName = FirebaseMLModelDownloader;
		};
		F0C1BFA12CB805D700C7E287 /* FirebaseMessaging */ = {
			isa = XCSwiftPackageProductDependency;
			package = F0C1BF8E2CB805D700C7E287 /* XCRemoteSwiftPackageReference "firebase-ios-sdk" */;
			productName = FirebaseMessaging;
		};
		F0C1BFA32CB805D700C7E287 /* FirebasePerformance */ = {
			isa = XCSwiftPackageProductDependency;
			package = F0C1BF8E2CB805D700C7E287 /* XCRemoteSwiftPackageReference "firebase-ios-sdk" */;
			productName = FirebasePerformance;
		};
		F0C1BFA52CB805D700C7E287 /* FirebaseRemoteConfig */ = {
			isa = XCSwiftPackageProductDependency;
			package = F0C1BF8E2CB805D700C7E287 /* XCRemoteSwiftPackageReference "firebase-ios-sdk" */;
			productName = FirebaseRemoteConfig;
		};
		F0C1BFA72CB805D700C7E287 /* FirebaseStorage */ = {
			isa = XCSwiftPackageProductDependency;
			package = F0C1BF8E2CB805D700C7E287 /* XCRemoteSwiftPackageReference "firebase-ios-sdk" */;
			productName = FirebaseStorage;
		};
		F0C1BFA92CB805D700C7E287 /* FirebaseStorageCombine-Community */ = {
			isa = XCSwiftPackageProductDependency;
			package = F0C1BF8E2CB805D700C7E287 /* XCRemoteSwiftPackageReference "firebase-ios-sdk" */;
			productName = "FirebaseStorageCombine-Community";
		};
		F0C1BFAB2CB805D700C7E287 /* FirebaseVertexAI-Preview */ = {
			isa = XCSwiftPackageProductDependency;
			package = F0C1BF8E2CB805D700C7E287 /* XCRemoteSwiftPackageReference "firebase-ios-sdk" */;
			productName = "FirebaseVertexAI-Preview";
		};
/* End XCSwiftPackageProductDependency section */
	};
	rootObject = 10EDC3142CB0326F0077A8BC /* Project object */;
}
